// !$*UTF8*$!
{
	archiveVersion = 1;
	classes = {
	};
	objectVersion = 56;
	objects = {

/* Begin PBXBuildFile section */
		7A2DC9BB2B825DD100846D84 /* SnapKit in Frameworks */ = {isa = PBXBuildFile; productRef = 7A2DC9BA2B825DD100846D84 /* SnapKit */; };
		7A2DC9BF2B82772800846D84 /* SectionHeaderView.swift in Sources */ = {isa = PBXBuildFile; fileRef = 7A2DC9BE2B82772800846D84 /* SectionHeaderView.swift */; };
		7A2DC9C22B82814700846D84 /* RoumingTableViewController+Ext.swift in Sources */ = {isa = PBXBuildFile; fileRef = 7A2DC9C12B82814700846D84 /* RoumingTableViewController+Ext.swift */; };
		7A2DC9CE2B836CE000846D84 /* InternetPackagesCell.swift in Sources */ = {isa = PBXBuildFile; fileRef = 7A2DC9CD2B836CE000846D84 /* InternetPackagesCell.swift */; };
		7A2DC9D02B83728600846D84 /* CardCollectionViewCell.swift in Sources */ = {isa = PBXBuildFile; fileRef = 7A2DC9CF2B83728600846D84 /* CardCollectionViewCell.swift */; };
		7A30764A2B85EF7800A080CE /* TravelTableHeaderView.swift in Sources */ = {isa = PBXBuildFile; fileRef = 7A3076492B85EF7800A080CE /* TravelTableHeaderView.swift */; };
		7A30764C2B85EF8600A080CE /* DestinationCollectionViewCell.swift in Sources */ = {isa = PBXBuildFile; fileRef = 7A30764B2B85EF8600A080CE /* DestinationCollectionViewCell.swift */; };
		7A30764E2B866E6700A080CE /* CollectionViewCenteredFlowLayout.swift in Sources */ = {isa = PBXBuildFile; fileRef = 7A30764D2B866E6700A080CE /* CollectionViewCenteredFlowLayout.swift */; };
		7A3076592B87640F00A080CE /* CountrySearchView.swift in Sources */ = {isa = PBXBuildFile; fileRef = 7A3076582B87640F00A080CE /* CountrySearchView.swift */; };
		7A71EF1D2B85219A00608E2A /* AllIncludedPackagesCell.swift in Sources */ = {isa = PBXBuildFile; fileRef = 7A71EF1C2B85219A00608E2A /* AllIncludedPackagesCell.swift */; };
		7A8E57012B81F5FA00A31918 /* Extension.swift in Sources */ = {isa = PBXBuildFile; fileRef = 7A8E57002B81F5FA00A31918 /* Extension.swift */; };
		7A8E57032B81F62700A31918 /* Cell+Configurer.swift in Sources */ = {isa = PBXBuildFile; fileRef = 7A8E57022B81F62700A31918 /* Cell+Configurer.swift */; };
		7A8E57072B81F69600A31918 /* MainNavigation.swift in Sources */ = {isa = PBXBuildFile; fileRef = 7A8E57062B81F69600A31918 /* MainNavigation.swift */; };
		7A8E57092B81F6B100A31918 /* ViewController+Navigation.swift in Sources */ = {isa = PBXBuildFile; fileRef = 7A8E57082B81F6B100A31918 /* ViewController+Navigation.swift */; };
		7A8E570B2B81F6D300A31918 /* ThemeableViewController.swift in Sources */ = {isa = PBXBuildFile; fileRef = 7A8E570A2B81F6D300A31918 /* ThemeableViewController.swift */; };
		7A8E570D2B81F6F700A31918 /* ThemeableView.swift in Sources */ = {isa = PBXBuildFile; fileRef = 7A8E570C2B81F6F700A31918 /* ThemeableView.swift */; };
		7A8E57122B81F8B800A31918 /* AppContainer.swift in Sources */ = {isa = PBXBuildFile; fileRef = 7A8E57112B81F8B800A31918 /* AppContainer.swift */; };
		7A8E57142B81F8D400A31918 /* AppRouter.swift in Sources */ = {isa = PBXBuildFile; fileRef = 7A8E57132B81F8D400A31918 /* AppRouter.swift */; };
		7A8E571D2B81F92000A31918 /* TabBarPresenter.swift in Sources */ = {isa = PBXBuildFile; fileRef = 7A8E57152B81F92000A31918 /* TabBarPresenter.swift */; };
		7A8E571E2B81F92000A31918 /* TabBarWorker.swift in Sources */ = {isa = PBXBuildFile; fileRef = 7A8E57162B81F92000A31918 /* TabBarWorker.swift */; };
		7A8E571F2B81F92000A31918 /* TabBarRouter.swift in Sources */ = {isa = PBXBuildFile; fileRef = 7A8E57172B81F92000A31918 /* TabBarRouter.swift */; };
		7A8E57202B81F92000A31918 /* TabBarModels.swift in Sources */ = {isa = PBXBuildFile; fileRef = 7A8E57182B81F92000A31918 /* TabBarModels.swift */; };
		7A8E57212B81F92000A31918 /* TabBarViewController.swift in Sources */ = {isa = PBXBuildFile; fileRef = 7A8E57192B81F92000A31918 /* TabBarViewController.swift */; };
		7A8E57222B81F92000A31918 /* TabBarInteractor.swift in Sources */ = {isa = PBXBuildFile; fileRef = 7A8E571A2B81F92000A31918 /* TabBarInteractor.swift */; };
		7A8E57232B81F92000A31918 /* TabBarView.swift in Sources */ = {isa = PBXBuildFile; fileRef = 7A8E571B2B81F92000A31918 /* TabBarView.swift */; };
		7A8E57242B81F92000A31918 /* TabBarConfigurator.swift in Sources */ = {isa = PBXBuildFile; fileRef = 7A8E571C2B81F92000A31918 /* TabBarConfigurator.swift */; };
		7A8E572D2B81FA6100A31918 /* DashboardPresenter.swift in Sources */ = {isa = PBXBuildFile; fileRef = 7A8E57252B81FA6100A31918 /* DashboardPresenter.swift */; };
		7A8E572E2B81FA6100A31918 /* DashboardWorker.swift in Sources */ = {isa = PBXBuildFile; fileRef = 7A8E57262B81FA6100A31918 /* DashboardWorker.swift */; };
		7A8E572F2B81FA6100A31918 /* DashboardRouter.swift in Sources */ = {isa = PBXBuildFile; fileRef = 7A8E57272B81FA6100A31918 /* DashboardRouter.swift */; };
		7A8E57302B81FA6100A31918 /* DashboardModels.swift in Sources */ = {isa = PBXBuildFile; fileRef = 7A8E57282B81FA6100A31918 /* DashboardModels.swift */; };
		7A8E57312B81FA6100A31918 /* DashboardViewController.swift in Sources */ = {isa = PBXBuildFile; fileRef = 7A8E57292B81FA6100A31918 /* DashboardViewController.swift */; };
		7A8E57322B81FA6100A31918 /* DashboardInteractor.swift in Sources */ = {isa = PBXBuildFile; fileRef = 7A8E572A2B81FA6100A31918 /* DashboardInteractor.swift */; };
		7A8E57332B81FA6100A31918 /* DashboardView.swift in Sources */ = {isa = PBXBuildFile; fileRef = 7A8E572B2B81FA6100A31918 /* DashboardView.swift */; };
		7A8E57342B81FA6100A31918 /* DashboardConfigurator.swift in Sources */ = {isa = PBXBuildFile; fileRef = 7A8E572C2B81FA6100A31918 /* DashboardConfigurator.swift */; };
		7A8E57452B82345E00A31918 /* RoumingPresenter.swift in Sources */ = {isa = PBXBuildFile; fileRef = 7A8E573D2B82345E00A31918 /* RoumingPresenter.swift */; };
		7A8E57462B82345E00A31918 /* RoumingWorker.swift in Sources */ = {isa = PBXBuildFile; fileRef = 7A8E573E2B82345E00A31918 /* RoumingWorker.swift */; };
		7A8E57472B82345E00A31918 /* RoumingRouter.swift in Sources */ = {isa = PBXBuildFile; fileRef = 7A8E573F2B82345E00A31918 /* RoumingRouter.swift */; };
		7A8E57482B82345E00A31918 /* RoumingModels.swift in Sources */ = {isa = PBXBuildFile; fileRef = 7A8E57402B82345E00A31918 /* RoumingModels.swift */; };
		7A8E57492B82345E00A31918 /* RoumingViewController.swift in Sources */ = {isa = PBXBuildFile; fileRef = 7A8E57412B82345E00A31918 /* RoumingViewController.swift */; };
		7A8E574A2B82345E00A31918 /* RoumingInteractor.swift in Sources */ = {isa = PBXBuildFile; fileRef = 7A8E57422B82345E00A31918 /* RoumingInteractor.swift */; };
		7A8E574B2B82345E00A31918 /* RoumingView.swift in Sources */ = {isa = PBXBuildFile; fileRef = 7A8E57432B82345E00A31918 /* RoumingView.swift */; };
		7A8E574C2B82345E00A31918 /* RoumingConfigurator.swift in Sources */ = {isa = PBXBuildFile; fileRef = 7A8E57442B82345E00A31918 /* RoumingConfigurator.swift */; };
		7AF915252B7F2E3800C8E149 /* AppDelegate.swift in Sources */ = {isa = PBXBuildFile; fileRef = 7AF915242B7F2E3800C8E149 /* AppDelegate.swift */; };
		7AF9152E2B7F2E3900C8E149 /* Assets.xcassets in Resources */ = {isa = PBXBuildFile; fileRef = 7AF9152D2B7F2E3900C8E149 /* Assets.xcassets */; };
		7AF915312B7F2E3900C8E149 /* LaunchScreen.storyboard in Resources */ = {isa = PBXBuildFile; fileRef = 7AF9152F2B7F2E3900C8E149 /* LaunchScreen.storyboard */; };
		7AF915622B7F2EA000C8E149 /* BakcellNetworkKit.framework in Frameworks */ = {isa = PBXBuildFile; fileRef = 7AF915612B7F2EA000C8E149 /* BakcellNetworkKit.framework */; };
		7AF915632B7F2EA000C8E149 /* BakcellNetworkKit.framework in Embed Frameworks */ = {isa = PBXBuildFile; fileRef = 7AF915612B7F2EA000C8E149 /* BakcellNetworkKit.framework */; settings = {ATTRIBUTES = (CodeSignOnCopy, RemoveHeadersOnCopy, ); }; };
		7AF915662B7F2EA500C8E149 /* BakcellUIKit.framework in Frameworks */ = {isa = PBXBuildFile; fileRef = 7AF915652B7F2EA500C8E149 /* BakcellUIKit.framework */; };
		7AF915672B7F2EA500C8E149 /* BakcellUIKit.framework in Embed Frameworks */ = {isa = PBXBuildFile; fileRef = 7AF915652B7F2EA500C8E149 /* BakcellUIKit.framework */; settings = {ATTRIBUTES = (CodeSignOnCopy, RemoveHeadersOnCopy, ); }; };
		7AF972552B8C9FC10028CFCA /* RoumingCountryDetailsPresenter.swift in Sources */ = {isa = PBXBuildFile; fileRef = 7AF9724D2B8C9FC10028CFCA /* RoumingCountryDetailsPresenter.swift */; };
		7AF972562B8C9FC10028CFCA /* RoumingCountryDetailsWorker.swift in Sources */ = {isa = PBXBuildFile; fileRef = 7AF9724E2B8C9FC10028CFCA /* RoumingCountryDetailsWorker.swift */; };
		7AF972572B8C9FC10028CFCA /* RoumingCountryDetailsRouter.swift in Sources */ = {isa = PBXBuildFile; fileRef = 7AF9724F2B8C9FC10028CFCA /* RoumingCountryDetailsRouter.swift */; };
		7AF972582B8C9FC10028CFCA /* RoumingCountryDetailsModels.swift in Sources */ = {isa = PBXBuildFile; fileRef = 7AF972502B8C9FC10028CFCA /* RoumingCountryDetailsModels.swift */; };
		7AF972592B8C9FC10028CFCA /* RoumingCountryDetailsViewController.swift in Sources */ = {isa = PBXBuildFile; fileRef = 7AF972512B8C9FC10028CFCA /* RoumingCountryDetailsViewController.swift */; };
		7AF9725A2B8C9FC10028CFCA /* RoumingCountryDetailsInteractor.swift in Sources */ = {isa = PBXBuildFile; fileRef = 7AF972522B8C9FC10028CFCA /* RoumingCountryDetailsInteractor.swift */; };
		7AF9725B2B8C9FC10028CFCA /* RoumingCountryDetailsView.swift in Sources */ = {isa = PBXBuildFile; fileRef = 7AF972532B8C9FC10028CFCA /* RoumingCountryDetailsView.swift */; };
		7AF9725C2B8C9FC10028CFCA /* RoumingCountryDetailsConfigurator.swift in Sources */ = {isa = PBXBuildFile; fileRef = 7AF972542B8C9FC10028CFCA /* RoumingCountryDetailsConfigurator.swift */; };
		7AF972602B8CA4610028CFCA /* RoumingCountryCollectionViewCell.swift in Sources */ = {isa = PBXBuildFile; fileRef = 7AF9725F2B8CA4610028CFCA /* RoumingCountryCollectionViewCell.swift */; };
		7AF972622B8CA49D0028CFCA /* RoumingCountryCollectionView.swift in Sources */ = {isa = PBXBuildFile; fileRef = 7AF972612B8CA49D0028CFCA /* RoumingCountryCollectionView.swift */; };
		7AF972652B8D20E00028CFCA /* RoamingSegmentedControl.swift in Sources */ = {isa = PBXBuildFile; fileRef = 7AF972642B8D20E00028CFCA /* RoamingSegmentedControl.swift */; };
		7AF972672B8DB2100028CFCA /* RoamingDetailsTableView.swift in Sources */ = {isa = PBXBuildFile; fileRef = 7AF972662B8DB2100028CFCA /* RoamingDetailsTableView.swift */; };
		7AF972692B8DB2560028CFCA /* RoumingTableViewCell.swift in Sources */ = {isa = PBXBuildFile; fileRef = 7AF972682B8DB2560028CFCA /* RoumingTableViewCell.swift */; };
/* End PBXBuildFile section */

/* Begin PBXCopyFilesBuildPhase section */
		7AF915642B7F2EA000C8E149 /* Embed Frameworks */ = {
			isa = PBXCopyFilesBuildPhase;
			buildActionMask = 2147483647;
			dstPath = "";
			dstSubfolderSpec = 10;
			files = (
				7AF915672B7F2EA500C8E149 /* BakcellUIKit.framework in Embed Frameworks */,
				7AF915632B7F2EA000C8E149 /* BakcellNetworkKit.framework in Embed Frameworks */,
			);
			name = "Embed Frameworks";
			runOnlyForDeploymentPostprocessing = 0;
		};
/* End PBXCopyFilesBuildPhase section */

/* Begin PBXFileReference section */
		7A2DC9BE2B82772800846D84 /* SectionHeaderView.swift */ = {isa = PBXFileReference; lastKnownFileType = sourcecode.swift; path = SectionHeaderView.swift; sourceTree = "<group>"; };
		7A2DC9C12B82814700846D84 /* RoumingTableViewController+Ext.swift */ = {isa = PBXFileReference; lastKnownFileType = sourcecode.swift; path = "RoumingTableViewController+Ext.swift"; sourceTree = "<group>"; };
		7A2DC9CD2B836CE000846D84 /* InternetPackagesCell.swift */ = {isa = PBXFileReference; lastKnownFileType = sourcecode.swift; path = InternetPackagesCell.swift; sourceTree = "<group>"; };
		7A2DC9CF2B83728600846D84 /* CardCollectionViewCell.swift */ = {isa = PBXFileReference; lastKnownFileType = sourcecode.swift; path = CardCollectionViewCell.swift; sourceTree = "<group>"; };
		7A3076492B85EF7800A080CE /* TravelTableHeaderView.swift */ = {isa = PBXFileReference; lastKnownFileType = sourcecode.swift; path = TravelTableHeaderView.swift; sourceTree = "<group>"; };
		7A30764B2B85EF8600A080CE /* DestinationCollectionViewCell.swift */ = {isa = PBXFileReference; lastKnownFileType = sourcecode.swift; path = DestinationCollectionViewCell.swift; sourceTree = "<group>"; };
		7A30764D2B866E6700A080CE /* CollectionViewCenteredFlowLayout.swift */ = {isa = PBXFileReference; lastKnownFileType = sourcecode.swift; path = CollectionViewCenteredFlowLayout.swift; sourceTree = "<group>"; };
		7A3076582B87640F00A080CE /* CountrySearchView.swift */ = {isa = PBXFileReference; lastKnownFileType = sourcecode.swift; path = CountrySearchView.swift; sourceTree = "<group>"; };
		7A71EF1C2B85219A00608E2A /* AllIncludedPackagesCell.swift */ = {isa = PBXFileReference; lastKnownFileType = sourcecode.swift; path = AllIncludedPackagesCell.swift; sourceTree = "<group>"; };
		7A8E57002B81F5FA00A31918 /* Extension.swift */ = {isa = PBXFileReference; lastKnownFileType = sourcecode.swift; path = Extension.swift; sourceTree = "<group>"; };
		7A8E57022B81F62700A31918 /* Cell+Configurer.swift */ = {isa = PBXFileReference; lastKnownFileType = sourcecode.swift; path = "Cell+Configurer.swift"; sourceTree = "<group>"; };
		7A8E57062B81F69600A31918 /* MainNavigation.swift */ = {isa = PBXFileReference; lastKnownFileType = sourcecode.swift; path = MainNavigation.swift; sourceTree = "<group>"; };
		7A8E57082B81F6B100A31918 /* ViewController+Navigation.swift */ = {isa = PBXFileReference; lastKnownFileType = sourcecode.swift; path = "ViewController+Navigation.swift"; sourceTree = "<group>"; };
		7A8E570A2B81F6D300A31918 /* ThemeableViewController.swift */ = {isa = PBXFileReference; lastKnownFileType = sourcecode.swift; path = ThemeableViewController.swift; sourceTree = "<group>"; };
		7A8E570C2B81F6F700A31918 /* ThemeableView.swift */ = {isa = PBXFileReference; lastKnownFileType = sourcecode.swift; path = ThemeableView.swift; sourceTree = "<group>"; };
		7A8E57112B81F8B800A31918 /* AppContainer.swift */ = {isa = PBXFileReference; lastKnownFileType = sourcecode.swift; path = AppContainer.swift; sourceTree = "<group>"; };
		7A8E57132B81F8D400A31918 /* AppRouter.swift */ = {isa = PBXFileReference; lastKnownFileType = sourcecode.swift; path = AppRouter.swift; sourceTree = "<group>"; };
		7A8E57152B81F92000A31918 /* TabBarPresenter.swift */ = {isa = PBXFileReference; lastKnownFileType = sourcecode.swift; path = TabBarPresenter.swift; sourceTree = "<group>"; };
		7A8E57162B81F92000A31918 /* TabBarWorker.swift */ = {isa = PBXFileReference; lastKnownFileType = sourcecode.swift; path = TabBarWorker.swift; sourceTree = "<group>"; };
		7A8E57172B81F92000A31918 /* TabBarRouter.swift */ = {isa = PBXFileReference; lastKnownFileType = sourcecode.swift; path = TabBarRouter.swift; sourceTree = "<group>"; };
		7A8E57182B81F92000A31918 /* TabBarModels.swift */ = {isa = PBXFileReference; lastKnownFileType = sourcecode.swift; path = TabBarModels.swift; sourceTree = "<group>"; };
		7A8E57192B81F92000A31918 /* TabBarViewController.swift */ = {isa = PBXFileReference; lastKnownFileType = sourcecode.swift; path = TabBarViewController.swift; sourceTree = "<group>"; };
		7A8E571A2B81F92000A31918 /* TabBarInteractor.swift */ = {isa = PBXFileReference; lastKnownFileType = sourcecode.swift; path = TabBarInteractor.swift; sourceTree = "<group>"; };
		7A8E571B2B81F92000A31918 /* TabBarView.swift */ = {isa = PBXFileReference; lastKnownFileType = sourcecode.swift; path = TabBarView.swift; sourceTree = "<group>"; };
		7A8E571C2B81F92000A31918 /* TabBarConfigurator.swift */ = {isa = PBXFileReference; lastKnownFileType = sourcecode.swift; path = TabBarConfigurator.swift; sourceTree = "<group>"; };
		7A8E57252B81FA6100A31918 /* DashboardPresenter.swift */ = {isa = PBXFileReference; lastKnownFileType = sourcecode.swift; path = DashboardPresenter.swift; sourceTree = "<group>"; };
		7A8E57262B81FA6100A31918 /* DashboardWorker.swift */ = {isa = PBXFileReference; lastKnownFileType = sourcecode.swift; path = DashboardWorker.swift; sourceTree = "<group>"; };
		7A8E57272B81FA6100A31918 /* DashboardRouter.swift */ = {isa = PBXFileReference; lastKnownFileType = sourcecode.swift; path = DashboardRouter.swift; sourceTree = "<group>"; };
		7A8E57282B81FA6100A31918 /* DashboardModels.swift */ = {isa = PBXFileReference; lastKnownFileType = sourcecode.swift; path = DashboardModels.swift; sourceTree = "<group>"; };
		7A8E57292B81FA6100A31918 /* DashboardViewController.swift */ = {isa = PBXFileReference; lastKnownFileType = sourcecode.swift; path = DashboardViewController.swift; sourceTree = "<group>"; };
		7A8E572A2B81FA6100A31918 /* DashboardInteractor.swift */ = {isa = PBXFileReference; lastKnownFileType = sourcecode.swift; path = DashboardInteractor.swift; sourceTree = "<group>"; };
		7A8E572B2B81FA6100A31918 /* DashboardView.swift */ = {isa = PBXFileReference; lastKnownFileType = sourcecode.swift; path = DashboardView.swift; sourceTree = "<group>"; };
		7A8E572C2B81FA6100A31918 /* DashboardConfigurator.swift */ = {isa = PBXFileReference; lastKnownFileType = sourcecode.swift; path = DashboardConfigurator.swift; sourceTree = "<group>"; };
		7A8E573D2B82345E00A31918 /* RoumingPresenter.swift */ = {isa = PBXFileReference; lastKnownFileType = sourcecode.swift; path = RoumingPresenter.swift; sourceTree = "<group>"; };
		7A8E573E2B82345E00A31918 /* RoumingWorker.swift */ = {isa = PBXFileReference; lastKnownFileType = sourcecode.swift; path = RoumingWorker.swift; sourceTree = "<group>"; };
		7A8E573F2B82345E00A31918 /* RoumingRouter.swift */ = {isa = PBXFileReference; lastKnownFileType = sourcecode.swift; path = RoumingRouter.swift; sourceTree = "<group>"; };
		7A8E57402B82345E00A31918 /* RoumingModels.swift */ = {isa = PBXFileReference; lastKnownFileType = sourcecode.swift; path = RoumingModels.swift; sourceTree = "<group>"; };
		7A8E57412B82345E00A31918 /* RoumingViewController.swift */ = {isa = PBXFileReference; lastKnownFileType = sourcecode.swift; path = RoumingViewController.swift; sourceTree = "<group>"; };
		7A8E57422B82345E00A31918 /* RoumingInteractor.swift */ = {isa = PBXFileReference; lastKnownFileType = sourcecode.swift; path = RoumingInteractor.swift; sourceTree = "<group>"; };
		7A8E57432B82345E00A31918 /* RoumingView.swift */ = {isa = PBXFileReference; lastKnownFileType = sourcecode.swift; path = RoumingView.swift; sourceTree = "<group>"; };
		7A8E57442B82345E00A31918 /* RoumingConfigurator.swift */ = {isa = PBXFileReference; lastKnownFileType = sourcecode.swift; path = RoumingConfigurator.swift; sourceTree = "<group>"; };
		7AF915212B7F2E3800C8E149 /* BakcellApp.app */ = {isa = PBXFileReference; explicitFileType = wrapper.application; includeInIndex = 0; path = BakcellApp.app; sourceTree = BUILT_PRODUCTS_DIR; };
		7AF915242B7F2E3800C8E149 /* AppDelegate.swift */ = {isa = PBXFileReference; lastKnownFileType = sourcecode.swift; path = AppDelegate.swift; sourceTree = "<group>"; };
		7AF9152D2B7F2E3900C8E149 /* Assets.xcassets */ = {isa = PBXFileReference; lastKnownFileType = folder.assetcatalog; path = Assets.xcassets; sourceTree = "<group>"; };
		7AF915302B7F2E3900C8E149 /* Base */ = {isa = PBXFileReference; lastKnownFileType = file.storyboard; name = Base; path = Base.lproj/LaunchScreen.storyboard; sourceTree = "<group>"; };
		7AF915322B7F2E3900C8E149 /* Info.plist */ = {isa = PBXFileReference; lastKnownFileType = text.plist.xml; path = Info.plist; sourceTree = "<group>"; };
		7AF915612B7F2EA000C8E149 /* BakcellNetworkKit.framework */ = {isa = PBXFileReference; explicitFileType = wrapper.framework; path = BakcellNetworkKit.framework; sourceTree = BUILT_PRODUCTS_DIR; };
		7AF915652B7F2EA500C8E149 /* BakcellUIKit.framework */ = {isa = PBXFileReference; explicitFileType = wrapper.framework; path = BakcellUIKit.framework; sourceTree = BUILT_PRODUCTS_DIR; };
		7AF9724D2B8C9FC10028CFCA /* RoumingCountryDetailsPresenter.swift */ = {isa = PBXFileReference; lastKnownFileType = sourcecode.swift; path = RoumingCountryDetailsPresenter.swift; sourceTree = "<group>"; };
		7AF9724E2B8C9FC10028CFCA /* RoumingCountryDetailsWorker.swift */ = {isa = PBXFileReference; lastKnownFileType = sourcecode.swift; path = RoumingCountryDetailsWorker.swift; sourceTree = "<group>"; };
		7AF9724F2B8C9FC10028CFCA /* RoumingCountryDetailsRouter.swift */ = {isa = PBXFileReference; lastKnownFileType = sourcecode.swift; path = RoumingCountryDetailsRouter.swift; sourceTree = "<group>"; };
		7AF972502B8C9FC10028CFCA /* RoumingCountryDetailsModels.swift */ = {isa = PBXFileReference; lastKnownFileType = sourcecode.swift; path = RoumingCountryDetailsModels.swift; sourceTree = "<group>"; };
		7AF972512B8C9FC10028CFCA /* RoumingCountryDetailsViewController.swift */ = {isa = PBXFileReference; lastKnownFileType = sourcecode.swift; path = RoumingCountryDetailsViewController.swift; sourceTree = "<group>"; };
		7AF972522B8C9FC10028CFCA /* RoumingCountryDetailsInteractor.swift */ = {isa = PBXFileReference; lastKnownFileType = sourcecode.swift; path = RoumingCountryDetailsInteractor.swift; sourceTree = "<group>"; };
		7AF972532B8C9FC10028CFCA /* RoumingCountryDetailsView.swift */ = {isa = PBXFileReference; lastKnownFileType = sourcecode.swift; path = RoumingCountryDetailsView.swift; sourceTree = "<group>"; };
		7AF972542B8C9FC10028CFCA /* RoumingCountryDetailsConfigurator.swift */ = {isa = PBXFileReference; lastKnownFileType = sourcecode.swift; path = RoumingCountryDetailsConfigurator.swift; sourceTree = "<group>"; };
		7AF9725F2B8CA4610028CFCA /* RoumingCountryCollectionViewCell.swift */ = {isa = PBXFileReference; lastKnownFileType = sourcecode.swift; path = RoumingCountryCollectionViewCell.swift; sourceTree = "<group>"; };
		7AF972612B8CA49D0028CFCA /* RoumingCountryCollectionView.swift */ = {isa = PBXFileReference; lastKnownFileType = sourcecode.swift; path = RoumingCountryCollectionView.swift; sourceTree = "<group>"; };
		7AF972642B8D20E00028CFCA /* RoamingSegmentedControl.swift */ = {isa = PBXFileReference; lastKnownFileType = sourcecode.swift; path = RoamingSegmentedControl.swift; sourceTree = "<group>"; };
		7AF972662B8DB2100028CFCA /* RoamingDetailsTableView.swift */ = {isa = PBXFileReference; lastKnownFileType = sourcecode.swift; path = RoamingDetailsTableView.swift; sourceTree = "<group>"; };
		7AF972682B8DB2560028CFCA /* RoumingTableViewCell.swift */ = {isa = PBXFileReference; lastKnownFileType = sourcecode.swift; path = RoumingTableViewCell.swift; sourceTree = "<group>"; };
/* End PBXFileReference section */

/* Begin PBXFrameworksBuildPhase section */
		7AF9151E2B7F2E3800C8E149 /* Frameworks */ = {
			isa = PBXFrameworksBuildPhase;
			buildActionMask = 2147483647;
			files = (
				7A2DC9BB2B825DD100846D84 /* SnapKit in Frameworks */,
				7AF915662B7F2EA500C8E149 /* BakcellUIKit.framework in Frameworks */,
				7AF915622B7F2EA000C8E149 /* BakcellNetworkKit.framework in Frameworks */,
			);
			runOnlyForDeploymentPostprocessing = 0;
		};
/* End PBXFrameworksBuildPhase section */

/* Begin PBXGroup section */
		7A2DC9BC2B826EF700846D84 /* Views */ = {
			isa = PBXGroup;
			children = (
				7A2DC9BE2B82772800846D84 /* SectionHeaderView.swift */,
				7A3076582B87640F00A080CE /* CountrySearchView.swift */,
			);
			path = Views;
			sourceTree = "<group>";
		};
		7A2DC9BD2B826EFD00846D84 /* Cells */ = {
			isa = PBXGroup;
			children = (
				7A2DC9CD2B836CE000846D84 /* InternetPackagesCell.swift */,
				7A2DC9CF2B83728600846D84 /* CardCollectionViewCell.swift */,
				7A71EF1C2B85219A00608E2A /* AllIncludedPackagesCell.swift */,
				7A3076492B85EF7800A080CE /* TravelTableHeaderView.swift */,
				7A30764B2B85EF8600A080CE /* DestinationCollectionViewCell.swift */,
			);
			path = Cells;
			sourceTree = "<group>";
		};
		7A2DC9C02B82812000846D84 /* Extensions */ = {
			isa = PBXGroup;
			children = (
				7A2DC9C12B82814700846D84 /* RoumingTableViewController+Ext.swift */,
				7A30764D2B866E6700A080CE /* CollectionViewCenteredFlowLayout.swift */,
			);
			path = Extensions;
			sourceTree = "<group>";
		};
		7A8E56F82B81F4F000A31918 /* Model */ = {
			isa = PBXGroup;
			children = (
			);
			path = Model;
			sourceTree = "<group>";
		};
		7A8E56F92B81F4F900A31918 /* Extensions */ = {
			isa = PBXGroup;
			children = (
				7A8E57002B81F5FA00A31918 /* Extension.swift */,
				7A8E57022B81F62700A31918 /* Cell+Configurer.swift */,
			);
			path = Extensions;
			sourceTree = "<group>";
		};
		7A8E56FA2B81F50900A31918 /* Helpers */ = {
			isa = PBXGroup;
			children = (
				7A8E57052B81F63C00A31918 /* Navigation */,
				7A8E57042B81F63600A31918 /* Theme */,
			);
			path = Helpers;
			sourceTree = "<group>";
		};
		7A8E56FB2B81F51400A31918 /* Views */ = {
			isa = PBXGroup;
			children = (
			);
			path = Views;
			sourceTree = "<group>";
		};
		7A8E56FC2B81F51C00A31918 /* Scenes */ = {
			isa = PBXGroup;
			children = (
				7AF9724C2B8C9F080028CFCA /* RoumingCountryDetails */,
				7A8E57102B81F74700A31918 /* Rouming */,
				7A8E570F2B81F73D00A31918 /* TabBar */,
				7A8E570E2B81F73300A31918 /* Dashboard */,
			);
			path = Scenes;
			sourceTree = "<group>";
		};
		7A8E56FD2B81F52500A31918 /* Resources */ = {
			isa = PBXGroup;
			children = (
				7AF9152D2B7F2E3900C8E149 /* Assets.xcassets */,
			);
			path = Resources;
			sourceTree = "<group>";
		};
		7A8E56FE2B81F53700A31918 /* Supporting */ = {
			isa = PBXGroup;
			children = (
				7AF915322B7F2E3900C8E149 /* Info.plist */,
				7AF9152F2B7F2E3900C8E149 /* LaunchScreen.storyboard */,
			);
			path = Supporting;
			sourceTree = "<group>";
		};
		7A8E56FF2B81F54400A31918 /* App */ = {
			isa = PBXGroup;
			children = (
				7AF915242B7F2E3800C8E149 /* AppDelegate.swift */,
				7A8E57112B81F8B800A31918 /* AppContainer.swift */,
				7A8E57132B81F8D400A31918 /* AppRouter.swift */,
			);
			path = App;
			sourceTree = "<group>";
		};
		7A8E57042B81F63600A31918 /* Theme */ = {
			isa = PBXGroup;
			children = (
				7A8E570A2B81F6D300A31918 /* ThemeableViewController.swift */,
				7A8E570C2B81F6F700A31918 /* ThemeableView.swift */,
			);
			path = Theme;
			sourceTree = "<group>";
		};
		7A8E57052B81F63C00A31918 /* Navigation */ = {
			isa = PBXGroup;
			children = (
				7A8E57062B81F69600A31918 /* MainNavigation.swift */,
				7A8E57082B81F6B100A31918 /* ViewController+Navigation.swift */,
			);
			path = Navigation;
			sourceTree = "<group>";
		};
		7A8E570E2B81F73300A31918 /* Dashboard */ = {
			isa = PBXGroup;
			children = (
				7A8E57252B81FA6100A31918 /* DashboardPresenter.swift */,
				7A8E57262B81FA6100A31918 /* DashboardWorker.swift */,
				7A8E57272B81FA6100A31918 /* DashboardRouter.swift */,
				7A8E57282B81FA6100A31918 /* DashboardModels.swift */,
				7A8E57292B81FA6100A31918 /* DashboardViewController.swift */,
				7A8E572A2B81FA6100A31918 /* DashboardInteractor.swift */,
				7A8E572B2B81FA6100A31918 /* DashboardView.swift */,
				7A8E572C2B81FA6100A31918 /* DashboardConfigurator.swift */,
			);
			path = Dashboard;
			sourceTree = "<group>";
		};
		7A8E570F2B81F73D00A31918 /* TabBar */ = {
			isa = PBXGroup;
			children = (
				7A8E57152B81F92000A31918 /* TabBarPresenter.swift */,
				7A8E57162B81F92000A31918 /* TabBarWorker.swift */,
				7A8E57172B81F92000A31918 /* TabBarRouter.swift */,
				7A8E57182B81F92000A31918 /* TabBarModels.swift */,
				7A8E57192B81F92000A31918 /* TabBarViewController.swift */,
				7A8E571A2B81F92000A31918 /* TabBarInteractor.swift */,
				7A8E571B2B81F92000A31918 /* TabBarView.swift */,
				7A8E571C2B81F92000A31918 /* TabBarConfigurator.swift */,
			);
			path = TabBar;
			sourceTree = "<group>";
		};
		7A8E57102B81F74700A31918 /* Rouming */ = {
			isa = PBXGroup;
			children = (
				7A2DC9C02B82812000846D84 /* Extensions */,
				7A2DC9BD2B826EFD00846D84 /* Cells */,
				7A2DC9BC2B826EF700846D84 /* Views */,
				7A8E573D2B82345E00A31918 /* RoumingPresenter.swift */,
				7A8E573E2B82345E00A31918 /* RoumingWorker.swift */,
				7A8E573F2B82345E00A31918 /* RoumingRouter.swift */,
				7A8E57402B82345E00A31918 /* RoumingModels.swift */,
				7A8E57412B82345E00A31918 /* RoumingViewController.swift */,
				7A8E57422B82345E00A31918 /* RoumingInteractor.swift */,
				7A8E57432B82345E00A31918 /* RoumingView.swift */,
				7A8E57442B82345E00A31918 /* RoumingConfigurator.swift */,
			);
			path = Rouming;
			sourceTree = "<group>";
		};
		7AF915182B7F2E3800C8E149 = {
			isa = PBXGroup;
			children = (
				7AF915232B7F2E3800C8E149 /* BakcellApp */,
				7AF915222B7F2E3800C8E149 /* Products */,
				7AF915602B7F2EA000C8E149 /* Frameworks */,
			);
			sourceTree = "<group>";
		};
		7AF915222B7F2E3800C8E149 /* Products */ = {
			isa = PBXGroup;
			children = (
				7AF915212B7F2E3800C8E149 /* BakcellApp.app */,
			);
			name = Products;
			sourceTree = "<group>";
		};
		7AF915232B7F2E3800C8E149 /* BakcellApp */ = {
			isa = PBXGroup;
			children = (
				7A8E56FF2B81F54400A31918 /* App */,
				7A8E56FE2B81F53700A31918 /* Supporting */,
				7A8E56FD2B81F52500A31918 /* Resources */,
				7A8E56FC2B81F51C00A31918 /* Scenes */,
				7A8E56FB2B81F51400A31918 /* Views */,
				7A8E56FA2B81F50900A31918 /* Helpers */,
				7A8E56F92B81F4F900A31918 /* Extensions */,
				7A8E56F82B81F4F000A31918 /* Model */,
			);
			path = BakcellApp;
			sourceTree = "<group>";
		};
		7AF915602B7F2EA000C8E149 /* Frameworks */ = {
			isa = PBXGroup;
			children = (
				7AF915652B7F2EA500C8E149 /* BakcellUIKit.framework */,
				7AF915612B7F2EA000C8E149 /* BakcellNetworkKit.framework */,
			);
			name = Frameworks;
			sourceTree = "<group>";
		};
		7AF9724C2B8C9F080028CFCA /* RoumingCountryDetails */ = {
			isa = PBXGroup;
			children = (
				7AF972632B8D20D30028CFCA /* CustomViews */,
				7AF9725E2B8CA3440028CFCA /* Cells */,
				7AF9725D2B8CA33D0028CFCA /* Views */,
				7AF9724D2B8C9FC10028CFCA /* RoumingCountryDetailsPresenter.swift */,
				7AF9724E2B8C9FC10028CFCA /* RoumingCountryDetailsWorker.swift */,
				7AF9724F2B8C9FC10028CFCA /* RoumingCountryDetailsRouter.swift */,
				7AF972502B8C9FC10028CFCA /* RoumingCountryDetailsModels.swift */,
				7AF972512B8C9FC10028CFCA /* RoumingCountryDetailsViewController.swift */,
				7AF972522B8C9FC10028CFCA /* RoumingCountryDetailsInteractor.swift */,
				7AF972532B8C9FC10028CFCA /* RoumingCountryDetailsView.swift */,
				7AF972542B8C9FC10028CFCA /* RoumingCountryDetailsConfigurator.swift */,
			);
			path = RoumingCountryDetails;
			sourceTree = "<group>";
		};
		7AF9725D2B8CA33D0028CFCA /* Views */ = {
			isa = PBXGroup;
			children = (
				7AF972612B8CA49D0028CFCA /* RoumingCountryCollectionView.swift */,
				7AF972662B8DB2100028CFCA /* RoamingDetailsTableView.swift */,
			);
			path = Views;
			sourceTree = "<group>";
		};
		7AF9725E2B8CA3440028CFCA /* Cells */ = {
			isa = PBXGroup;
			children = (
				7AF9725F2B8CA4610028CFCA /* RoumingCountryCollectionViewCell.swift */,
				7AF972682B8DB2560028CFCA /* RoumingTableViewCell.swift */,
			);
			path = Cells;
			sourceTree = "<group>";
		};
		7AF972632B8D20D30028CFCA /* CustomViews */ = {
			isa = PBXGroup;
			children = (
				7AF972642B8D20E00028CFCA /* RoamingSegmentedControl.swift */,
			);
			path = CustomViews;
			sourceTree = "<group>";
		};
/* End PBXGroup section */

/* Begin PBXNativeTarget section */
		7AF915202B7F2E3800C8E149 /* BakcellApp */ = {
			isa = PBXNativeTarget;
			buildConfigurationList = 7AF915352B7F2E3900C8E149 /* Build configuration list for PBXNativeTarget "BakcellApp" */;
			buildPhases = (
				7AF9151D2B7F2E3800C8E149 /* Sources */,
				7AF9151E2B7F2E3800C8E149 /* Frameworks */,
				7AF9151F2B7F2E3800C8E149 /* Resources */,
				7AF915642B7F2EA000C8E149 /* Embed Frameworks */,
			);
			buildRules = (
			);
			dependencies = (
			);
			name = BakcellApp;
			packageProductDependencies = (
				7A2DC9BA2B825DD100846D84 /* SnapKit */,
			);
			productName = BakcellApp;
			productReference = 7AF915212B7F2E3800C8E149 /* BakcellApp.app */;
			productType = "com.apple.product-type.application";
		};
/* End PBXNativeTarget section */

/* Begin PBXProject section */
		7AF915192B7F2E3800C8E149 /* Project object */ = {
			isa = PBXProject;
			attributes = {
				BuildIndependentTargetsInParallel = 1;
				LastSwiftUpdateCheck = 1520;
				LastUpgradeCheck = 1520;
				TargetAttributes = {
					7AF915202B7F2E3800C8E149 = {
						CreatedOnToolsVersion = 15.2;
					};
				};
			};
			buildConfigurationList = 7AF9151C2B7F2E3800C8E149 /* Build configuration list for PBXProject "BakcellApp" */;
			compatibilityVersion = "Xcode 14.0";
			developmentRegion = en;
			hasScannedForEncodings = 0;
			knownRegions = (
				en,
				Base,
			);
			mainGroup = 7AF915182B7F2E3800C8E149;
			packageReferences = (
				7A2DC9B92B825DD100846D84 /* XCRemoteSwiftPackageReference "SnapKit" */,
			);
			productRefGroup = 7AF915222B7F2E3800C8E149 /* Products */;
			projectDirPath = "";
			projectRoot = "";
			targets = (
				7AF915202B7F2E3800C8E149 /* BakcellApp */,
			);
		};
/* End PBXProject section */

/* Begin PBXResourcesBuildPhase section */
		7AF9151F2B7F2E3800C8E149 /* Resources */ = {
			isa = PBXResourcesBuildPhase;
			buildActionMask = 2147483647;
			files = (
				7AF915312B7F2E3900C8E149 /* LaunchScreen.storyboard in Resources */,
				7AF9152E2B7F2E3900C8E149 /* Assets.xcassets in Resources */,
			);
			runOnlyForDeploymentPostprocessing = 0;
		};
/* End PBXResourcesBuildPhase section */

/* Begin PBXSourcesBuildPhase section */
		7AF9151D2B7F2E3800C8E149 /* Sources */ = {
			isa = PBXSourcesBuildPhase;
			buildActionMask = 2147483647;
			files = (
				7A8E57212B81F92000A31918 /* TabBarViewController.swift in Sources */,
				7A30764E2B866E6700A080CE /* CollectionViewCenteredFlowLayout.swift in Sources */,
				7AF972692B8DB2560028CFCA /* RoumingTableViewCell.swift in Sources */,
				7A2DC9CE2B836CE000846D84 /* InternetPackagesCell.swift in Sources */,
				7AF972572B8C9FC10028CFCA /* RoumingCountryDetailsRouter.swift in Sources */,
				7A8E57342B81FA6100A31918 /* DashboardConfigurator.swift in Sources */,
				7A8E571F2B81F92000A31918 /* TabBarRouter.swift in Sources */,
				7A8E57482B82345E00A31918 /* RoumingModels.swift in Sources */,
				7AF972582B8C9FC10028CFCA /* RoumingCountryDetailsModels.swift in Sources */,
				7AF972552B8C9FC10028CFCA /* RoumingCountryDetailsPresenter.swift in Sources */,
				7AF972622B8CA49D0028CFCA /* RoumingCountryCollectionView.swift in Sources */,
				7A8E574C2B82345E00A31918 /* RoumingConfigurator.swift in Sources */,
				7A2DC9C22B82814700846D84 /* RoumingTableViewController+Ext.swift in Sources */,
				7A8E572E2B81FA6100A31918 /* DashboardWorker.swift in Sources */,
				7A8E57072B81F69600A31918 /* MainNavigation.swift in Sources */,
				7A8E57202B81F92000A31918 /* TabBarModels.swift in Sources */,
				7A8E570D2B81F6F700A31918 /* ThemeableView.swift in Sources */,
				7A8E57302B81FA6100A31918 /* DashboardModels.swift in Sources */,
				7A8E57312B81FA6100A31918 /* DashboardViewController.swift in Sources */,
				7A8E57092B81F6B100A31918 /* ViewController+Navigation.swift in Sources */,
				7A8E57322B81FA6100A31918 /* DashboardInteractor.swift in Sources */,
				7A30764C2B85EF8600A080CE /* DestinationCollectionViewCell.swift in Sources */,
				7A8E57332B81FA6100A31918 /* DashboardView.swift in Sources */,
				7A8E57032B81F62700A31918 /* Cell+Configurer.swift in Sources */,
				7AF9725A2B8C9FC10028CFCA /* RoumingCountryDetailsInteractor.swift in Sources */,
				7AF972672B8DB2100028CFCA /* RoamingDetailsTableView.swift in Sources */,
				7A8E574A2B82345E00A31918 /* RoumingInteractor.swift in Sources */,
				7AF915252B7F2E3800C8E149 /* AppDelegate.swift in Sources */,
				7A8E57472B82345E00A31918 /* RoumingRouter.swift in Sources */,
				7AF9725B2B8C9FC10028CFCA /* RoumingCountryDetailsView.swift in Sources */,
				7AF972562B8C9FC10028CFCA /* RoumingCountryDetailsWorker.swift in Sources */,
				7A8E57242B81F92000A31918 /* TabBarConfigurator.swift in Sources */,
				7A8E57452B82345E00A31918 /* RoumingPresenter.swift in Sources */,
				7A30764A2B85EF7800A080CE /* TravelTableHeaderView.swift in Sources */,
				7A8E572D2B81FA6100A31918 /* DashboardPresenter.swift in Sources */,
				7A8E57492B82345E00A31918 /* RoumingViewController.swift in Sources */,
				7A8E57232B81F92000A31918 /* TabBarView.swift in Sources */,
				7A8E57142B81F8D400A31918 /* AppRouter.swift in Sources */,
				7A71EF1D2B85219A00608E2A /* AllIncludedPackagesCell.swift in Sources */,
				7AF9725C2B8C9FC10028CFCA /* RoumingCountryDetailsConfigurator.swift in Sources */,
				7A8E571D2B81F92000A31918 /* TabBarPresenter.swift in Sources */,
				7AF972592B8C9FC10028CFCA /* RoumingCountryDetailsViewController.swift in Sources */,
				7A8E574B2B82345E00A31918 /* RoumingView.swift in Sources */,
				7A8E571E2B81F92000A31918 /* TabBarWorker.swift in Sources */,
				7A2DC9BF2B82772800846D84 /* SectionHeaderView.swift in Sources */,
				7AF972652B8D20E00028CFCA /* RoamingSegmentedControl.swift in Sources */,
				7A8E57222B81F92000A31918 /* TabBarInteractor.swift in Sources */,
				7A8E57122B81F8B800A31918 /* AppContainer.swift in Sources */,
				7AF972602B8CA4610028CFCA /* RoumingCountryCollectionViewCell.swift in Sources */,
				7A8E570B2B81F6D300A31918 /* ThemeableViewController.swift in Sources */,
				7A8E57462B82345E00A31918 /* RoumingWorker.swift in Sources */,
				7A8E57012B81F5FA00A31918 /* Extension.swift in Sources */,
				7A3076592B87640F00A080CE /* CountrySearchView.swift in Sources */,
				7A2DC9D02B83728600846D84 /* CardCollectionViewCell.swift in Sources */,
				7A8E572F2B81FA6100A31918 /* DashboardRouter.swift in Sources */,
			);
			runOnlyForDeploymentPostprocessing = 0;
		};
/* End PBXSourcesBuildPhase section */

/* Begin PBXVariantGroup section */
		7AF9152F2B7F2E3900C8E149 /* LaunchScreen.storyboard */ = {
			isa = PBXVariantGroup;
			children = (
				7AF915302B7F2E3900C8E149 /* Base */,
			);
			name = LaunchScreen.storyboard;
			sourceTree = "<group>";
		};
/* End PBXVariantGroup section */

/* Begin XCBuildConfiguration section */
		7AF915332B7F2E3900C8E149 /* Debug */ = {
			isa = XCBuildConfiguration;
			buildSettings = {
				ALWAYS_SEARCH_USER_PATHS = NO;
				ASSETCATALOG_COMPILER_GENERATE_SWIFT_ASSET_SYMBOL_EXTENSIONS = YES;
				CLANG_ANALYZER_NONNULL = YES;
				CLANG_ANALYZER_NUMBER_OBJECT_CONVERSION = YES_AGGRESSIVE;
				CLANG_CXX_LANGUAGE_STANDARD = "gnu++20";
				CLANG_ENABLE_MODULES = YES;
				CLANG_ENABLE_OBJC_ARC = YES;
				CLANG_ENABLE_OBJC_WEAK = YES;
				CLANG_WARN_BLOCK_CAPTURE_AUTORELEASING = YES;
				CLANG_WARN_BOOL_CONVERSION = YES;
				CLANG_WARN_COMMA = YES;
				CLANG_WARN_CONSTANT_CONVERSION = YES;
				CLANG_WARN_DEPRECATED_OBJC_IMPLEMENTATIONS = YES;
				CLANG_WARN_DIRECT_OBJC_ISA_USAGE = YES_ERROR;
				CLANG_WARN_DOCUMENTATION_COMMENTS = YES;
				CLANG_WARN_EMPTY_BODY = YES;
				CLANG_WARN_ENUM_CONVERSION = YES;
				CLANG_WARN_INFINITE_RECURSION = YES;
				CLANG_WARN_INT_CONVERSION = YES;
				CLANG_WARN_NON_LITERAL_NULL_CONVERSION = YES;
				CLANG_WARN_OBJC_IMPLICIT_RETAIN_SELF = YES;
				CLANG_WARN_OBJC_LITERAL_CONVERSION = YES;
				CLANG_WARN_OBJC_ROOT_CLASS = YES_ERROR;
				CLANG_WARN_QUOTED_INCLUDE_IN_FRAMEWORK_HEADER = YES;
				CLANG_WARN_RANGE_LOOP_ANALYSIS = YES;
				CLANG_WARN_STRICT_PROTOTYPES = YES;
				CLANG_WARN_SUSPICIOUS_MOVE = YES;
				CLANG_WARN_UNGUARDED_AVAILABILITY = YES_AGGRESSIVE;
				CLANG_WARN_UNREACHABLE_CODE = YES;
				CLANG_WARN__DUPLICATE_METHOD_MATCH = YES;
				COPY_PHASE_STRIP = NO;
				DEBUG_INFORMATION_FORMAT = dwarf;
				ENABLE_STRICT_OBJC_MSGSEND = YES;
				ENABLE_TESTABILITY = YES;
				ENABLE_USER_SCRIPT_SANDBOXING = YES;
				GCC_C_LANGUAGE_STANDARD = gnu17;
				GCC_DYNAMIC_NO_PIC = NO;
				GCC_NO_COMMON_BLOCKS = YES;
				GCC_OPTIMIZATION_LEVEL = 0;
				GCC_PREPROCESSOR_DEFINITIONS = (
					"DEBUG=1",
					"$(inherited)",
				);
				GCC_WARN_64_TO_32_BIT_CONVERSION = YES;
				GCC_WARN_ABOUT_RETURN_TYPE = YES_ERROR;
				GCC_WARN_UNDECLARED_SELECTOR = YES;
				GCC_WARN_UNINITIALIZED_AUTOS = YES_AGGRESSIVE;
				GCC_WARN_UNUSED_FUNCTION = YES;
				GCC_WARN_UNUSED_VARIABLE = YES;
				IPHONEOS_DEPLOYMENT_TARGET = 17.2;
				LOCALIZATION_PREFERS_STRING_CATALOGS = YES;
				MTL_ENABLE_DEBUG_INFO = INCLUDE_SOURCE;
				MTL_FAST_MATH = YES;
				ONLY_ACTIVE_ARCH = YES;
				SDKROOT = iphoneos;
				SWIFT_ACTIVE_COMPILATION_CONDITIONS = "DEBUG $(inherited)";
				SWIFT_OPTIMIZATION_LEVEL = "-Onone";
			};
			name = Debug;
		};
		7AF915342B7F2E3900C8E149 /* Release */ = {
			isa = XCBuildConfiguration;
			buildSettings = {
				ALWAYS_SEARCH_USER_PATHS = NO;
				ASSETCATALOG_COMPILER_GENERATE_SWIFT_ASSET_SYMBOL_EXTENSIONS = YES;
				CLANG_ANALYZER_NONNULL = YES;
				CLANG_ANALYZER_NUMBER_OBJECT_CONVERSION = YES_AGGRESSIVE;
				CLANG_CXX_LANGUAGE_STANDARD = "gnu++20";
				CLANG_ENABLE_MODULES = YES;
				CLANG_ENABLE_OBJC_ARC = YES;
				CLANG_ENABLE_OBJC_WEAK = YES;
				CLANG_WARN_BLOCK_CAPTURE_AUTORELEASING = YES;
				CLANG_WARN_BOOL_CONVERSION = YES;
				CLANG_WARN_COMMA = YES;
				CLANG_WARN_CONSTANT_CONVERSION = YES;
				CLANG_WARN_DEPRECATED_OBJC_IMPLEMENTATIONS = YES;
				CLANG_WARN_DIRECT_OBJC_ISA_USAGE = YES_ERROR;
				CLANG_WARN_DOCUMENTATION_COMMENTS = YES;
				CLANG_WARN_EMPTY_BODY = YES;
				CLANG_WARN_ENUM_CONVERSION = YES;
				CLANG_WARN_INFINITE_RECURSION = YES;
				CLANG_WARN_INT_CONVERSION = YES;
				CLANG_WARN_NON_LITERAL_NULL_CONVERSION = YES;
				CLANG_WARN_OBJC_IMPLICIT_RETAIN_SELF = YES;
				CLANG_WARN_OBJC_LITERAL_CONVERSION = YES;
				CLANG_WARN_OBJC_ROOT_CLASS = YES_ERROR;
				CLANG_WARN_QUOTED_INCLUDE_IN_FRAMEWORK_HEADER = YES;
				CLANG_WARN_RANGE_LOOP_ANALYSIS = YES;
				CLANG_WARN_STRICT_PROTOTYPES = YES;
				CLANG_WARN_SUSPICIOUS_MOVE = YES;
				CLANG_WARN_UNGUARDED_AVAILABILITY = YES_AGGRESSIVE;
				CLANG_WARN_UNREACHABLE_CODE = YES;
				CLANG_WARN__DUPLICATE_METHOD_MATCH = YES;
				COPY_PHASE_STRIP = NO;
				DEBUG_INFORMATION_FORMAT = "dwarf-with-dsym";
				ENABLE_NS_ASSERTIONS = NO;
				ENABLE_STRICT_OBJC_MSGSEND = YES;
				ENABLE_USER_SCRIPT_SANDBOXING = YES;
				GCC_C_LANGUAGE_STANDARD = gnu17;
				GCC_NO_COMMON_BLOCKS = YES;
				GCC_WARN_64_TO_32_BIT_CONVERSION = YES;
				GCC_WARN_ABOUT_RETURN_TYPE = YES_ERROR;
				GCC_WARN_UNDECLARED_SELECTOR = YES;
				GCC_WARN_UNINITIALIZED_AUTOS = YES_AGGRESSIVE;
				GCC_WARN_UNUSED_FUNCTION = YES;
				GCC_WARN_UNUSED_VARIABLE = YES;
				IPHONEOS_DEPLOYMENT_TARGET = 17.2;
				LOCALIZATION_PREFERS_STRING_CATALOGS = YES;
				MTL_ENABLE_DEBUG_INFO = NO;
				MTL_FAST_MATH = YES;
				SDKROOT = iphoneos;
				SWIFT_COMPILATION_MODE = wholemodule;
				VALIDATE_PRODUCT = YES;
			};
			name = Release;
		};
		7AF915362B7F2E3900C8E149 /* Debug */ = {
			isa = XCBuildConfiguration;
			buildSettings = {
				ASSETCATALOG_COMPILER_APPICON_NAME = AppIcon;
				ASSETCATALOG_COMPILER_GLOBAL_ACCENT_COLOR_NAME = AccentColor;
				ASSETCATALOG_COMPILER_INCLUDE_ALL_APPICON_ASSETS = NO;
				CODE_SIGN_STYLE = Automatic;
				CURRENT_PROJECT_VERSION = 1;
				DEVELOPMENT_TEAM = 963Q5MY7HY;
				GENERATE_INFOPLIST_FILE = YES;
				INFOPLIST_FILE = BakcellApp/Supporting/Info.plist;
				INFOPLIST_KEY_UIApplicationSupportsIndirectInputEvents = YES;
				INFOPLIST_KEY_UILaunchStoryboardName = LaunchScreen;
				INFOPLIST_KEY_UISupportedInterfaceOrientations = "UIInterfaceOrientationLandscapeLeft UIInterfaceOrientationLandscapeRight UIInterfaceOrientationPortrait";
				LD_RUNPATH_SEARCH_PATHS = (
					"$(inherited)",
					"@executable_path/Frameworks",
				);
				MARKETING_VERSION = 1.0;
				PRODUCT_BUNDLE_IDENTIFIER = com.nazrinatayeva.BakcellApp;
				PRODUCT_NAME = "$(TARGET_NAME)";
				SUPPORTED_PLATFORMS = "iphoneos iphonesimulator";
				SUPPORTS_MACCATALYST = NO;
				SUPPORTS_MAC_DESIGNED_FOR_IPHONE_IPAD = NO;
				SUPPORTS_XR_DESIGNED_FOR_IPHONE_IPAD = NO;
				SWIFT_EMIT_LOC_STRINGS = YES;
				SWIFT_VERSION = 5.0;
				TARGETED_DEVICE_FAMILY = 1;
			};
			name = Debug;
		};
		7AF915372B7F2E3900C8E149 /* Release */ = {
			isa = XCBuildConfiguration;
			buildSettings = {
				ASSETCATALOG_COMPILER_APPICON_NAME = AppIcon;
				ASSETCATALOG_COMPILER_GLOBAL_ACCENT_COLOR_NAME = AccentColor;
				ASSETCATALOG_COMPILER_INCLUDE_ALL_APPICON_ASSETS = NO;
				CODE_SIGN_STYLE = Automatic;
				CURRENT_PROJECT_VERSION = 1;
				DEVELOPMENT_TEAM = 963Q5MY7HY;
				GENERATE_INFOPLIST_FILE = YES;
				INFOPLIST_FILE = BakcellApp/Supporting/Info.plist;
				INFOPLIST_KEY_UIApplicationSupportsIndirectInputEvents = YES;
				INFOPLIST_KEY_UILaunchStoryboardName = LaunchScreen;
				INFOPLIST_KEY_UISupportedInterfaceOrientations = "UIInterfaceOrientationLandscapeLeft UIInterfaceOrientationLandscapeRight UIInterfaceOrientationPortrait";
				LD_RUNPATH_SEARCH_PATHS = (
					"$(inherited)",
					"@executable_path/Frameworks",
				);
				MARKETING_VERSION = 1.0;
				PRODUCT_BUNDLE_IDENTIFIER = com.nazrinatayeva.BakcellApp;
				PRODUCT_NAME = "$(TARGET_NAME)";
				SUPPORTED_PLATFORMS = "iphoneos iphonesimulator";
				SUPPORTS_MACCATALYST = NO;
				SUPPORTS_MAC_DESIGNED_FOR_IPHONE_IPAD = NO;
				SUPPORTS_XR_DESIGNED_FOR_IPHONE_IPAD = NO;
				SWIFT_EMIT_LOC_STRINGS = YES;
				SWIFT_VERSION = 5.0;
				TARGETED_DEVICE_FAMILY = 1;
			};
			name = Release;
		};
/* End XCBuildConfiguration section */

/* Begin XCConfigurationList section */
		7AF9151C2B7F2E3800C8E149 /* Build configuration list for PBXProject "BakcellApp" */ = {
			isa = XCConfigurationList;
			buildConfigurations = (
				7AF915332B7F2E3900C8E149 /* Debug */,
				7AF915342B7F2E3900C8E149 /* Release */,
			);
			defaultConfigurationIsVisible = 0;
			defaultConfigurationName = Release;
		};
		7AF915352B7F2E3900C8E149 /* Build configuration list for PBXNativeTarget "BakcellApp" */ = {
			isa = XCConfigurationList;
			buildConfigurations = (
				7AF915362B7F2E3900C8E149 /* Debug */,
				7AF915372B7F2E3900C8E149 /* Release */,
			);
			defaultConfigurationIsVisible = 0;
			defaultConfigurationName = Release;
		};
/* End XCConfigurationList section */

/* Begin XCRemoteSwiftPackageReference section */
		7A2DC9B92B825DD100846D84 /* XCRemoteSwiftPackageReference "SnapKit" */ = {
			isa = XCRemoteSwiftPackageReference;
			repositoryURL = "https://github.com/SnapKit/SnapKit";
			requirement = {
				kind = upToNextMajorVersion;
				minimumVersion = 5.7.1;
			};
		};
/* End XCRemoteSwiftPackageReference section */

/* Begin XCSwiftPackageProductDependency section */
		7A2DC9BA2B825DD100846D84 /* SnapKit */ = {
			isa = XCSwiftPackageProductDependency;
			package = 7A2DC9B92B825DD100846D84 /* XCRemoteSwiftPackageReference "SnapKit" */;
			productName = SnapKit;
		};
/* End XCSwiftPackageProductDependency section */
	};
	rootObject = 7AF915192B7F2E3800C8E149 /* Project object */;
}
