// !$*UTF8*$!
{
	archiveVersion = 1;
	classes = {
	};
	objectVersion = 56;
	objects = {

/* Begin PBXBuildFile section */
		7A0521CA2B9845DC0082DB64 /* OperatorsViewController.swift in Sources */ = {isa = PBXBuildFile; fileRef = 7A0521C92B9845DC0082DB64 /* OperatorsViewController.swift */; };
		7A0521CC2B9845E80082DB64 /* PriceComparisonViewController.swift in Sources */ = {isa = PBXBuildFile; fileRef = 7A0521CB2B9845E80082DB64 /* PriceComparisonViewController.swift */; };
		7A0521D02B9846910082DB64 /* SegmentedControl.swift in Sources */ = {isa = PBXBuildFile; fileRef = 7A0521CF2B9846910082DB64 /* SegmentedControl.swift */; };
		7A0521D22B9846B30082DB64 /* Constants.swift in Sources */ = {isa = PBXBuildFile; fileRef = 7A0521D12B9846B30082DB64 /* Constants.swift */; };
		7A0521D42B9846CF0082DB64 /* Protocols.swift in Sources */ = {isa = PBXBuildFile; fileRef = 7A0521D32B9846CF0082DB64 /* Protocols.swift */; };
		7A0521D62B9846F10082DB64 /* SCScrollView.swift in Sources */ = {isa = PBXBuildFile; fileRef = 7A0521D52B9846F10082DB64 /* SCScrollView.swift */; };
		7A0521D82B98470D0082DB64 /* Style.swift in Sources */ = {isa = PBXBuildFile; fileRef = 7A0521D72B98470D0082DB64 /* Style.swift */; };
		7A0521DE2B9847FD0082DB64 /* OperatorViewCell.swift in Sources */ = {isa = PBXBuildFile; fileRef = 7A0521DD2B9847FD0082DB64 /* OperatorViewCell.swift */; };
		7A0521E02B9848530082DB64 /* PriceComparisonViewCell.swift in Sources */ = {isa = PBXBuildFile; fileRef = 7A0521DF2B9848530082DB64 /* PriceComparisonViewCell.swift */; };
		7A0521E22B9848A30082DB64 /* AppDivider.swift in Sources */ = {isa = PBXBuildFile; fileRef = 7A0521E12B9848A30082DB64 /* AppDivider.swift */; };
		7A0521E42B9848CC0082DB64 /* PriceTableSectionHeaderView.swift in Sources */ = {isa = PBXBuildFile; fileRef = 7A0521E32B9848CC0082DB64 /* PriceTableSectionHeaderView.swift */; };
		7A0521E62B98490F0082DB64 /* CategoriesCollectionView.swift in Sources */ = {isa = PBXBuildFile; fileRef = 7A0521E52B98490F0082DB64 /* CategoriesCollectionView.swift */; };
		7A0521E82B98493C0082DB64 /* RoamingSegmentedControl.swift in Sources */ = {isa = PBXBuildFile; fileRef = 7A0521E72B98493C0082DB64 /* RoamingSegmentedControl.swift */; };
		7A0521EA2B98499D0082DB64 /* OperatorServiceInfoStackView.swift in Sources */ = {isa = PBXBuildFile; fileRef = 7A0521E92B98499D0082DB64 /* OperatorServiceInfoStackView.swift */; };
		7A0521EC2B9849C40082DB64 /* OperatorInfoTitleVStackView.swift in Sources */ = {isa = PBXBuildFile; fileRef = 7A0521EB2B9849C40082DB64 /* OperatorInfoTitleVStackView.swift */; };
		7A0521EE2B984BEE0082DB64 /* OperatorStatusVStackView.swift in Sources */ = {isa = PBXBuildFile; fileRef = 7A0521ED2B984BEE0082DB64 /* OperatorStatusVStackView.swift */; };
		7A0521F02B984C9E0082DB64 /* OperatorStatusHStackView.swift in Sources */ = {isa = PBXBuildFile; fileRef = 7A0521EF2B984C9E0082DB64 /* OperatorStatusHStackView.swift */; };
		7A0521F22B984CC10082DB64 /* OperatorServiceVStackView.swift in Sources */ = {isa = PBXBuildFile; fileRef = 7A0521F12B984CC10082DB64 /* OperatorServiceVStackView.swift */; };
		7A0521FB2B984D160082DB64 /* RoumingCountryDetailPresenter.swift in Sources */ = {isa = PBXBuildFile; fileRef = 7A0521F32B984D160082DB64 /* RoumingCountryDetailPresenter.swift */; };
		7A0521FC2B984D160082DB64 /* RoumingCountryDetailWorker.swift in Sources */ = {isa = PBXBuildFile; fileRef = 7A0521F42B984D160082DB64 /* RoumingCountryDetailWorker.swift */; };
		7A0521FD2B984D160082DB64 /* RoumingCountryDetailRouter.swift in Sources */ = {isa = PBXBuildFile; fileRef = 7A0521F52B984D160082DB64 /* RoumingCountryDetailRouter.swift */; };
		7A0521FE2B984D160082DB64 /* RoumingCountryDetailModels.swift in Sources */ = {isa = PBXBuildFile; fileRef = 7A0521F62B984D160082DB64 /* RoumingCountryDetailModels.swift */; };
		7A0521FF2B984D160082DB64 /* RoumingCountryDetailViewController.swift in Sources */ = {isa = PBXBuildFile; fileRef = 7A0521F72B984D160082DB64 /* RoumingCountryDetailViewController.swift */; };
		7A0522002B984D160082DB64 /* RoumingCountryDetailInteractor.swift in Sources */ = {isa = PBXBuildFile; fileRef = 7A0521F82B984D160082DB64 /* RoumingCountryDetailInteractor.swift */; };
		7A0522012B984D160082DB64 /* RoumingCountryDetailView.swift in Sources */ = {isa = PBXBuildFile; fileRef = 7A0521F92B984D160082DB64 /* RoumingCountryDetailView.swift */; };
		7A0522022B984D160082DB64 /* RoumingCountryDetailConfigurator.swift in Sources */ = {isa = PBXBuildFile; fileRef = 7A0521FA2B984D160082DB64 /* RoumingCountryDetailConfigurator.swift */; };
		7A0522042B984E4A0082DB64 /* Extension + PageViewController.swift in Sources */ = {isa = PBXBuildFile; fileRef = 7A0522032B984E4A0082DB64 /* Extension + PageViewController.swift */; };
		7A0522062B984FF20082DB64 /* AppAssets.swift in Sources */ = {isa = PBXBuildFile; fileRef = 7A0522052B984FF20082DB64 /* AppAssets.swift */; };
		7A0522452B9F73E10082DB64 /* RoamingCountriesTableView.swift in Sources */ = {isa = PBXBuildFile; fileRef = 7A0522442B9F73E10082DB64 /* RoamingCountriesTableView.swift */; };
		7A2DC9BB2B825DD100846D84 /* SnapKit in Frameworks */ = {isa = PBXBuildFile; productRef = 7A2DC9BA2B825DD100846D84 /* SnapKit */; };
		7A2DC9BF2B82772800846D84 /* SectionHeaderView.swift in Sources */ = {isa = PBXBuildFile; fileRef = 7A2DC9BE2B82772800846D84 /* SectionHeaderView.swift */; };
		7A2DC9CE2B836CE000846D84 /* InternetPackagesCell.swift in Sources */ = {isa = PBXBuildFile; fileRef = 7A2DC9CD2B836CE000846D84 /* InternetPackagesCell.swift */; };
		7A2DC9D02B83728600846D84 /* CardCollectionViewCell.swift in Sources */ = {isa = PBXBuildFile; fileRef = 7A2DC9CF2B83728600846D84 /* CardCollectionViewCell.swift */; };
		7A30764A2B85EF7800A080CE /* TravelTableHeaderView.swift in Sources */ = {isa = PBXBuildFile; fileRef = 7A3076492B85EF7800A080CE /* TravelTableHeaderView.swift */; };
		7A30764C2B85EF8600A080CE /* DestinationCollectionViewCell.swift in Sources */ = {isa = PBXBuildFile; fileRef = 7A30764B2B85EF8600A080CE /* DestinationCollectionViewCell.swift */; };
		7A30764E2B866E6700A080CE /* CollectionViewCenteredFlowLayout.swift in Sources */ = {isa = PBXBuildFile; fileRef = 7A30764D2B866E6700A080CE /* CollectionViewCenteredFlowLayout.swift */; };
		7A3076592B87640F00A080CE /* CountrySearchView.swift in Sources */ = {isa = PBXBuildFile; fileRef = 7A3076582B87640F00A080CE /* CountrySearchView.swift */; };
		7A32902D2B8F16AA00FCC3D3 /* PackageDescriptionPresenter.swift in Sources */ = {isa = PBXBuildFile; fileRef = 7A3290252B8F16AA00FCC3D3 /* PackageDescriptionPresenter.swift */; };
		7A32902E2B8F16AA00FCC3D3 /* PackageDescriptionWorker.swift in Sources */ = {isa = PBXBuildFile; fileRef = 7A3290262B8F16AA00FCC3D3 /* PackageDescriptionWorker.swift */; };
		7A32902F2B8F16AA00FCC3D3 /* PackageDescriptionRouter.swift in Sources */ = {isa = PBXBuildFile; fileRef = 7A3290272B8F16AA00FCC3D3 /* PackageDescriptionRouter.swift */; };
		7A3290302B8F16AA00FCC3D3 /* PackageDescriptionModels.swift in Sources */ = {isa = PBXBuildFile; fileRef = 7A3290282B8F16AA00FCC3D3 /* PackageDescriptionModels.swift */; };
		7A3290312B8F16AA00FCC3D3 /* PackageDescriptionViewController.swift in Sources */ = {isa = PBXBuildFile; fileRef = 7A3290292B8F16AA00FCC3D3 /* PackageDescriptionViewController.swift */; };
		7A3290322B8F16AA00FCC3D3 /* PackageDescriptionInteractor.swift in Sources */ = {isa = PBXBuildFile; fileRef = 7A32902A2B8F16AA00FCC3D3 /* PackageDescriptionInteractor.swift */; };
		7A3290332B8F16AA00FCC3D3 /* PackageDescriptionView.swift in Sources */ = {isa = PBXBuildFile; fileRef = 7A32902B2B8F16AA00FCC3D3 /* PackageDescriptionView.swift */; };
		7A3290342B8F16AA00FCC3D3 /* PackageDescriptionConfigurator.swift in Sources */ = {isa = PBXBuildFile; fileRef = 7A32902C2B8F16AA00FCC3D3 /* PackageDescriptionConfigurator.swift */; };
		7A32903B2B8F508800FCC3D3 /* BulletTextFormatter.swift in Sources */ = {isa = PBXBuildFile; fileRef = 7A32903A2B8F508800FCC3D3 /* BulletTextFormatter.swift */; };
		7A32903D2B8F530100FCC3D3 /* PackageDescriptionDetailView.swift in Sources */ = {isa = PBXBuildFile; fileRef = 7A32903C2B8F530100FCC3D3 /* PackageDescriptionDetailView.swift */; };
		7A32903F2B906DE100FCC3D3 /* CheckCountryView.swift in Sources */ = {isa = PBXBuildFile; fileRef = 7A32903E2B906DE100FCC3D3 /* CheckCountryView.swift */; };
		7A3290412B9094CB00FCC3D3 /* NotesView.swift in Sources */ = {isa = PBXBuildFile; fileRef = 7A3290402B9094CB00FCC3D3 /* NotesView.swift */; };
		7A3290432B90958C00FCC3D3 /* AboutView.swift in Sources */ = {isa = PBXBuildFile; fileRef = 7A3290422B90958C00FCC3D3 /* AboutView.swift */; };
		7A3290452B909A3900FCC3D3 /* PackagesView.swift in Sources */ = {isa = PBXBuildFile; fileRef = 7A3290442B909A3900FCC3D3 /* PackagesView.swift */; };
		7A3290472B909ECB00FCC3D3 /* InternetItemsView.swift in Sources */ = {isa = PBXBuildFile; fileRef = 7A3290462B909ECB00FCC3D3 /* InternetItemsView.swift */; };
		7A3290492B90ABB100FCC3D3 /* WhatsAppItemsView.swift in Sources */ = {isa = PBXBuildFile; fileRef = 7A3290482B90ABB100FCC3D3 /* WhatsAppItemsView.swift */; };
		7A32904B2B90AD4100FCC3D3 /* DurationItemView.swift in Sources */ = {isa = PBXBuildFile; fileRef = 7A32904A2B90AD4100FCC3D3 /* DurationItemView.swift */; };
		7A32904D2B90ADE500FCC3D3 /* PriceItemsView.swift in Sources */ = {isa = PBXBuildFile; fileRef = 7A32904C2B90ADE500FCC3D3 /* PriceItemsView.swift */; };
		7A3290502B910A6000FCC3D3 /* FixedActivateButtonView.swift in Sources */ = {isa = PBXBuildFile; fileRef = 7A32904F2B910A6000FCC3D3 /* FixedActivateButtonView.swift */; };
		7A32905A2B91A60C00FCC3D3 /* SupportedCountriesPresenter.swift in Sources */ = {isa = PBXBuildFile; fileRef = 7A3290522B91A60C00FCC3D3 /* SupportedCountriesPresenter.swift */; };
		7A32905B2B91A60C00FCC3D3 /* SupportedCountriesWorker.swift in Sources */ = {isa = PBXBuildFile; fileRef = 7A3290532B91A60C00FCC3D3 /* SupportedCountriesWorker.swift */; };
		7A32905C2B91A60C00FCC3D3 /* SupportedCountriesRouter.swift in Sources */ = {isa = PBXBuildFile; fileRef = 7A3290542B91A60C00FCC3D3 /* SupportedCountriesRouter.swift */; };
		7A32905D2B91A60C00FCC3D3 /* SupportedCountriesModels.swift in Sources */ = {isa = PBXBuildFile; fileRef = 7A3290552B91A60C00FCC3D3 /* SupportedCountriesModels.swift */; };
		7A32905E2B91A60C00FCC3D3 /* SupportedCountriesViewController.swift in Sources */ = {isa = PBXBuildFile; fileRef = 7A3290562B91A60C00FCC3D3 /* SupportedCountriesViewController.swift */; };
		7A32905F2B91A60C00FCC3D3 /* SupportedCountriesInteractor.swift in Sources */ = {isa = PBXBuildFile; fileRef = 7A3290572B91A60C00FCC3D3 /* SupportedCountriesInteractor.swift */; };
		7A3290602B91A60C00FCC3D3 /* SupportedCountriesView.swift in Sources */ = {isa = PBXBuildFile; fileRef = 7A3290582B91A60C00FCC3D3 /* SupportedCountriesView.swift */; };
		7A3290612B91A60C00FCC3D3 /* SupportedCountriesConfigurator.swift in Sources */ = {isa = PBXBuildFile; fileRef = 7A3290592B91A60C00FCC3D3 /* SupportedCountriesConfigurator.swift */; };
		7A3290662B91AE5D00FCC3D3 /* CountryTableViewCell.swift in Sources */ = {isa = PBXBuildFile; fileRef = 7A3290652B91AE5D00FCC3D3 /* CountryTableViewCell.swift */; };
		7A71EF1D2B85219A00608E2A /* AllIncludedPackagesCell.swift in Sources */ = {isa = PBXBuildFile; fileRef = 7A71EF1C2B85219A00608E2A /* AllIncludedPackagesCell.swift */; };
		7A8E57012B81F5FA00A31918 /* Extension.swift in Sources */ = {isa = PBXBuildFile; fileRef = 7A8E57002B81F5FA00A31918 /* Extension.swift */; };
		7A8E57032B81F62700A31918 /* Cell+Configurer.swift in Sources */ = {isa = PBXBuildFile; fileRef = 7A8E57022B81F62700A31918 /* Cell+Configurer.swift */; };
		7A8E57072B81F69600A31918 /* MainNavigation.swift in Sources */ = {isa = PBXBuildFile; fileRef = 7A8E57062B81F69600A31918 /* MainNavigation.swift */; };
		7A8E57092B81F6B100A31918 /* ViewController+Navigation.swift in Sources */ = {isa = PBXBuildFile; fileRef = 7A8E57082B81F6B100A31918 /* ViewController+Navigation.swift */; };
		7A8E570B2B81F6D300A31918 /* ThemeableViewController.swift in Sources */ = {isa = PBXBuildFile; fileRef = 7A8E570A2B81F6D300A31918 /* ThemeableViewController.swift */; };
		7A8E570D2B81F6F700A31918 /* ThemeableView.swift in Sources */ = {isa = PBXBuildFile; fileRef = 7A8E570C2B81F6F700A31918 /* ThemeableView.swift */; };
		7A8E57122B81F8B800A31918 /* AppContainer.swift in Sources */ = {isa = PBXBuildFile; fileRef = 7A8E57112B81F8B800A31918 /* AppContainer.swift */; };
		7A8E57142B81F8D400A31918 /* AppRouter.swift in Sources */ = {isa = PBXBuildFile; fileRef = 7A8E57132B81F8D400A31918 /* AppRouter.swift */; };
		7A8E571D2B81F92000A31918 /* TabBarPresenter.swift in Sources */ = {isa = PBXBuildFile; fileRef = 7A8E57152B81F92000A31918 /* TabBarPresenter.swift */; };
		7A8E571E2B81F92000A31918 /* TabBarWorker.swift in Sources */ = {isa = PBXBuildFile; fileRef = 7A8E57162B81F92000A31918 /* TabBarWorker.swift */; };
		7A8E571F2B81F92000A31918 /* TabBarRouter.swift in Sources */ = {isa = PBXBuildFile; fileRef = 7A8E57172B81F92000A31918 /* TabBarRouter.swift */; };
		7A8E57202B81F92000A31918 /* TabBarModels.swift in Sources */ = {isa = PBXBuildFile; fileRef = 7A8E57182B81F92000A31918 /* TabBarModels.swift */; };
		7A8E57212B81F92000A31918 /* TabBarViewController.swift in Sources */ = {isa = PBXBuildFile; fileRef = 7A8E57192B81F92000A31918 /* TabBarViewController.swift */; };
		7A8E57222B81F92000A31918 /* TabBarInteractor.swift in Sources */ = {isa = PBXBuildFile; fileRef = 7A8E571A2B81F92000A31918 /* TabBarInteractor.swift */; };
		7A8E57232B81F92000A31918 /* TabBarView.swift in Sources */ = {isa = PBXBuildFile; fileRef = 7A8E571B2B81F92000A31918 /* TabBarView.swift */; };
		7A8E57242B81F92000A31918 /* TabBarConfigurator.swift in Sources */ = {isa = PBXBuildFile; fileRef = 7A8E571C2B81F92000A31918 /* TabBarConfigurator.swift */; };
		7A8E572D2B81FA6100A31918 /* DashboardPresenter.swift in Sources */ = {isa = PBXBuildFile; fileRef = 7A8E57252B81FA6100A31918 /* DashboardPresenter.swift */; };
		7A8E572E2B81FA6100A31918 /* DashboardWorker.swift in Sources */ = {isa = PBXBuildFile; fileRef = 7A8E57262B81FA6100A31918 /* DashboardWorker.swift */; };
		7A8E572F2B81FA6100A31918 /* DashboardRouter.swift in Sources */ = {isa = PBXBuildFile; fileRef = 7A8E57272B81FA6100A31918 /* DashboardRouter.swift */; };
		7A8E57302B81FA6100A31918 /* DashboardModels.swift in Sources */ = {isa = PBXBuildFile; fileRef = 7A8E57282B81FA6100A31918 /* DashboardModels.swift */; };
		7A8E57312B81FA6100A31918 /* DashboardViewController.swift in Sources */ = {isa = PBXBuildFile; fileRef = 7A8E57292B81FA6100A31918 /* DashboardViewController.swift */; };
		7A8E57322B81FA6100A31918 /* DashboardInteractor.swift in Sources */ = {isa = PBXBuildFile; fileRef = 7A8E572A2B81FA6100A31918 /* DashboardInteractor.swift */; };
		7A8E57332B81FA6100A31918 /* DashboardView.swift in Sources */ = {isa = PBXBuildFile; fileRef = 7A8E572B2B81FA6100A31918 /* DashboardView.swift */; };
		7A8E57342B81FA6100A31918 /* DashboardConfigurator.swift in Sources */ = {isa = PBXBuildFile; fileRef = 7A8E572C2B81FA6100A31918 /* DashboardConfigurator.swift */; };
		7A8E57452B82345E00A31918 /* RoumingPresenter.swift in Sources */ = {isa = PBXBuildFile; fileRef = 7A8E573D2B82345E00A31918 /* RoumingPresenter.swift */; };
		7A8E57462B82345E00A31918 /* RoumingWorker.swift in Sources */ = {isa = PBXBuildFile; fileRef = 7A8E573E2B82345E00A31918 /* RoumingWorker.swift */; };
		7A8E57472B82345E00A31918 /* RoumingRouter.swift in Sources */ = {isa = PBXBuildFile; fileRef = 7A8E573F2B82345E00A31918 /* RoumingRouter.swift */; };
		7A8E57482B82345E00A31918 /* RoumingModels.swift in Sources */ = {isa = PBXBuildFile; fileRef = 7A8E57402B82345E00A31918 /* RoumingModels.swift */; };
		7A8E57492B82345E00A31918 /* RoumingViewController.swift in Sources */ = {isa = PBXBuildFile; fileRef = 7A8E57412B82345E00A31918 /* RoumingViewController.swift */; };
		7A8E574A2B82345E00A31918 /* RoumingInteractor.swift in Sources */ = {isa = PBXBuildFile; fileRef = 7A8E57422B82345E00A31918 /* RoumingInteractor.swift */; };
		7A8E574B2B82345E00A31918 /* RoumingView.swift in Sources */ = {isa = PBXBuildFile; fileRef = 7A8E57432B82345E00A31918 /* RoumingView.swift */; };
		7A8E574C2B82345E00A31918 /* RoumingConfigurator.swift in Sources */ = {isa = PBXBuildFile; fileRef = 7A8E57442B82345E00A31918 /* RoumingConfigurator.swift */; };
		7AF915252B7F2E3800C8E149 /* AppDelegate.swift in Sources */ = {isa = PBXBuildFile; fileRef = 7AF915242B7F2E3800C8E149 /* AppDelegate.swift */; };
		7AF9152E2B7F2E3900C8E149 /* Assets.xcassets in Resources */ = {isa = PBXBuildFile; fileRef = 7AF9152D2B7F2E3900C8E149 /* Assets.xcassets */; };
		7AF915312B7F2E3900C8E149 /* LaunchScreen.storyboard in Resources */ = {isa = PBXBuildFile; fileRef = 7AF9152F2B7F2E3900C8E149 /* LaunchScreen.storyboard */; };
		7AF915622B7F2EA000C8E149 /* BakcellNetworkKit.framework in Frameworks */ = {isa = PBXBuildFile; fileRef = 7AF915612B7F2EA000C8E149 /* BakcellNetworkKit.framework */; };
		7AF915632B7F2EA000C8E149 /* BakcellNetworkKit.framework in Embed Frameworks */ = {isa = PBXBuildFile; fileRef = 7AF915612B7F2EA000C8E149 /* BakcellNetworkKit.framework */; settings = {ATTRIBUTES = (CodeSignOnCopy, RemoveHeadersOnCopy, ); }; };
		7AF915662B7F2EA500C8E149 /* BakcellUIKit.framework in Frameworks */ = {isa = PBXBuildFile; fileRef = 7AF915652B7F2EA500C8E149 /* BakcellUIKit.framework */; };
		7AF915672B7F2EA500C8E149 /* BakcellUIKit.framework in Embed Frameworks */ = {isa = PBXBuildFile; fileRef = 7AF915652B7F2EA500C8E149 /* BakcellUIKit.framework */; settings = {ATTRIBUTES = (CodeSignOnCopy, RemoveHeadersOnCopy, ); }; };
/* End PBXBuildFile section */

/* Begin PBXCopyFilesBuildPhase section */
		7AF915642B7F2EA000C8E149 /* Embed Frameworks */ = {
			isa = PBXCopyFilesBuildPhase;
			buildActionMask = 2147483647;
			dstPath = "";
			dstSubfolderSpec = 10;
			files = (
				7AF915672B7F2EA500C8E149 /* BakcellUIKit.framework in Embed Frameworks */,
				7AF915632B7F2EA000C8E149 /* BakcellNetworkKit.framework in Embed Frameworks */,
			);
			name = "Embed Frameworks";
			runOnlyForDeploymentPostprocessing = 0;
		};
/* End PBXCopyFilesBuildPhase section */

/* Begin PBXFileReference section */
		7A0521C92B9845DC0082DB64 /* OperatorsViewController.swift */ = {isa = PBXFileReference; lastKnownFileType = sourcecode.swift; path = OperatorsViewController.swift; sourceTree = "<group>"; };
		7A0521CB2B9845E80082DB64 /* PriceComparisonViewController.swift */ = {isa = PBXFileReference; lastKnownFileType = sourcecode.swift; path = PriceComparisonViewController.swift; sourceTree = "<group>"; };
		7A0521CF2B9846910082DB64 /* SegmentedControl.swift */ = {isa = PBXFileReference; lastKnownFileType = sourcecode.swift; path = SegmentedControl.swift; sourceTree = "<group>"; };
		7A0521D12B9846B30082DB64 /* Constants.swift */ = {isa = PBXFileReference; lastKnownFileType = sourcecode.swift; path = Constants.swift; sourceTree = "<group>"; };
		7A0521D32B9846CF0082DB64 /* Protocols.swift */ = {isa = PBXFileReference; lastKnownFileType = sourcecode.swift; path = Protocols.swift; sourceTree = "<group>"; };
		7A0521D52B9846F10082DB64 /* SCScrollView.swift */ = {isa = PBXFileReference; lastKnownFileType = sourcecode.swift; path = SCScrollView.swift; sourceTree = "<group>"; };
		7A0521D72B98470D0082DB64 /* Style.swift */ = {isa = PBXFileReference; lastKnownFileType = sourcecode.swift; path = Style.swift; sourceTree = "<group>"; };
		7A0521DD2B9847FD0082DB64 /* OperatorViewCell.swift */ = {isa = PBXFileReference; lastKnownFileType = sourcecode.swift; path = OperatorViewCell.swift; sourceTree = "<group>"; };
		7A0521DF2B9848530082DB64 /* PriceComparisonViewCell.swift */ = {isa = PBXFileReference; lastKnownFileType = sourcecode.swift; path = PriceComparisonViewCell.swift; sourceTree = "<group>"; };
		7A0521E12B9848A30082DB64 /* AppDivider.swift */ = {isa = PBXFileReference; lastKnownFileType = sourcecode.swift; path = AppDivider.swift; sourceTree = "<group>"; };
		7A0521E32B9848CC0082DB64 /* PriceTableSectionHeaderView.swift */ = {isa = PBXFileReference; lastKnownFileType = sourcecode.swift; path = PriceTableSectionHeaderView.swift; sourceTree = "<group>"; };
		7A0521E52B98490F0082DB64 /* CategoriesCollectionView.swift */ = {isa = PBXFileReference; lastKnownFileType = sourcecode.swift; path = CategoriesCollectionView.swift; sourceTree = "<group>"; };
		7A0521E72B98493C0082DB64 /* RoamingSegmentedControl.swift */ = {isa = PBXFileReference; lastKnownFileType = sourcecode.swift; path = RoamingSegmentedControl.swift; sourceTree = "<group>"; };
		7A0521E92B98499D0082DB64 /* OperatorServiceInfoStackView.swift */ = {isa = PBXFileReference; lastKnownFileType = sourcecode.swift; path = OperatorServiceInfoStackView.swift; sourceTree = "<group>"; };
		7A0521EB2B9849C40082DB64 /* OperatorInfoTitleVStackView.swift */ = {isa = PBXFileReference; lastKnownFileType = sourcecode.swift; path = OperatorInfoTitleVStackView.swift; sourceTree = "<group>"; };
		7A0521ED2B984BEE0082DB64 /* OperatorStatusVStackView.swift */ = {isa = PBXFileReference; lastKnownFileType = sourcecode.swift; path = OperatorStatusVStackView.swift; sourceTree = "<group>"; };
		7A0521EF2B984C9E0082DB64 /* OperatorStatusHStackView.swift */ = {isa = PBXFileReference; lastKnownFileType = sourcecode.swift; path = OperatorStatusHStackView.swift; sourceTree = "<group>"; };
		7A0521F12B984CC10082DB64 /* OperatorServiceVStackView.swift */ = {isa = PBXFileReference; lastKnownFileType = sourcecode.swift; path = OperatorServiceVStackView.swift; sourceTree = "<group>"; };
		7A0521F32B984D160082DB64 /* RoumingCountryDetailPresenter.swift */ = {isa = PBXFileReference; lastKnownFileType = sourcecode.swift; path = RoumingCountryDetailPresenter.swift; sourceTree = "<group>"; };
		7A0521F42B984D160082DB64 /* RoumingCountryDetailWorker.swift */ = {isa = PBXFileReference; lastKnownFileType = sourcecode.swift; path = RoumingCountryDetailWorker.swift; sourceTree = "<group>"; };
		7A0521F52B984D160082DB64 /* RoumingCountryDetailRouter.swift */ = {isa = PBXFileReference; lastKnownFileType = sourcecode.swift; path = RoumingCountryDetailRouter.swift; sourceTree = "<group>"; };
		7A0521F62B984D160082DB64 /* RoumingCountryDetailModels.swift */ = {isa = PBXFileReference; lastKnownFileType = sourcecode.swift; path = RoumingCountryDetailModels.swift; sourceTree = "<group>"; };
		7A0521F72B984D160082DB64 /* RoumingCountryDetailViewController.swift */ = {isa = PBXFileReference; lastKnownFileType = sourcecode.swift; path = RoumingCountryDetailViewController.swift; sourceTree = "<group>"; };
		7A0521F82B984D160082DB64 /* RoumingCountryDetailInteractor.swift */ = {isa = PBXFileReference; lastKnownFileType = sourcecode.swift; path = RoumingCountryDetailInteractor.swift; sourceTree = "<group>"; };
		7A0521F92B984D160082DB64 /* RoumingCountryDetailView.swift */ = {isa = PBXFileReference; lastKnownFileType = sourcecode.swift; path = RoumingCountryDetailView.swift; sourceTree = "<group>"; };
		7A0521FA2B984D160082DB64 /* RoumingCountryDetailConfigurator.swift */ = {isa = PBXFileReference; lastKnownFileType = sourcecode.swift; path = RoumingCountryDetailConfigurator.swift; sourceTree = "<group>"; };
		7A0522032B984E4A0082DB64 /* Extension + PageViewController.swift */ = {isa = PBXFileReference; lastKnownFileType = sourcecode.swift; path = "Extension + PageViewController.swift"; sourceTree = "<group>"; };
		7A0522052B984FF20082DB64 /* AppAssets.swift */ = {isa = PBXFileReference; lastKnownFileType = sourcecode.swift; path = AppAssets.swift; sourceTree = "<group>"; };
		7A0522442B9F73E10082DB64 /* RoamingCountriesTableView.swift */ = {isa = PBXFileReference; lastKnownFileType = sourcecode.swift; path = RoamingCountriesTableView.swift; sourceTree = "<group>"; };
		7A2DC9BE2B82772800846D84 /* SectionHeaderView.swift */ = {isa = PBXFileReference; lastKnownFileType = sourcecode.swift; path = SectionHeaderView.swift; sourceTree = "<group>"; };
		7A2DC9CD2B836CE000846D84 /* InternetPackagesCell.swift */ = {isa = PBXFileReference; lastKnownFileType = sourcecode.swift; path = InternetPackagesCell.swift; sourceTree = "<group>"; };
		7A2DC9CF2B83728600846D84 /* CardCollectionViewCell.swift */ = {isa = PBXFileReference; lastKnownFileType = sourcecode.swift; path = CardCollectionViewCell.swift; sourceTree = "<group>"; };
		7A3076492B85EF7800A080CE /* TravelTableHeaderView.swift */ = {isa = PBXFileReference; lastKnownFileType = sourcecode.swift; path = TravelTableHeaderView.swift; sourceTree = "<group>"; };
		7A30764B2B85EF8600A080CE /* DestinationCollectionViewCell.swift */ = {isa = PBXFileReference; lastKnownFileType = sourcecode.swift; path = DestinationCollectionViewCell.swift; sourceTree = "<group>"; };
		7A30764D2B866E6700A080CE /* CollectionViewCenteredFlowLayout.swift */ = {isa = PBXFileReference; lastKnownFileType = sourcecode.swift; path = CollectionViewCenteredFlowLayout.swift; sourceTree = "<group>"; };
		7A3076582B87640F00A080CE /* CountrySearchView.swift */ = {isa = PBXFileReference; lastKnownFileType = sourcecode.swift; path = CountrySearchView.swift; sourceTree = "<group>"; };
		7A3290252B8F16AA00FCC3D3 /* PackageDescriptionPresenter.swift */ = {isa = PBXFileReference; lastKnownFileType = sourcecode.swift; path = PackageDescriptionPresenter.swift; sourceTree = "<group>"; };
		7A3290262B8F16AA00FCC3D3 /* PackageDescriptionWorker.swift */ = {isa = PBXFileReference; lastKnownFileType = sourcecode.swift; path = PackageDescriptionWorker.swift; sourceTree = "<group>"; };
		7A3290272B8F16AA00FCC3D3 /* PackageDescriptionRouter.swift */ = {isa = PBXFileReference; lastKnownFileType = sourcecode.swift; path = PackageDescriptionRouter.swift; sourceTree = "<group>"; };
		7A3290282B8F16AA00FCC3D3 /* PackageDescriptionModels.swift */ = {isa = PBXFileReference; lastKnownFileType = sourcecode.swift; path = PackageDescriptionModels.swift; sourceTree = "<group>"; };
		7A3290292B8F16AA00FCC3D3 /* PackageDescriptionViewController.swift */ = {isa = PBXFileReference; lastKnownFileType = sourcecode.swift; path = PackageDescriptionViewController.swift; sourceTree = "<group>"; };
		7A32902A2B8F16AA00FCC3D3 /* PackageDescriptionInteractor.swift */ = {isa = PBXFileReference; lastKnownFileType = sourcecode.swift; path = PackageDescriptionInteractor.swift; sourceTree = "<group>"; };
		7A32902B2B8F16AA00FCC3D3 /* PackageDescriptionView.swift */ = {isa = PBXFileReference; lastKnownFileType = sourcecode.swift; path = PackageDescriptionView.swift; sourceTree = "<group>"; };
		7A32902C2B8F16AA00FCC3D3 /* PackageDescriptionConfigurator.swift */ = {isa = PBXFileReference; lastKnownFileType = sourcecode.swift; path = PackageDescriptionConfigurator.swift; sourceTree = "<group>"; };
		7A32903A2B8F508800FCC3D3 /* BulletTextFormatter.swift */ = {isa = PBXFileReference; lastKnownFileType = sourcecode.swift; path = BulletTextFormatter.swift; sourceTree = "<group>"; };
		7A32903C2B8F530100FCC3D3 /* PackageDescriptionDetailView.swift */ = {isa = PBXFileReference; lastKnownFileType = sourcecode.swift; path = PackageDescriptionDetailView.swift; sourceTree = "<group>"; };
		7A32903E2B906DE100FCC3D3 /* CheckCountryView.swift */ = {isa = PBXFileReference; lastKnownFileType = sourcecode.swift; path = CheckCountryView.swift; sourceTree = "<group>"; };
		7A3290402B9094CB00FCC3D3 /* NotesView.swift */ = {isa = PBXFileReference; lastKnownFileType = sourcecode.swift; path = NotesView.swift; sourceTree = "<group>"; };
		7A3290422B90958C00FCC3D3 /* AboutView.swift */ = {isa = PBXFileReference; lastKnownFileType = sourcecode.swift; path = AboutView.swift; sourceTree = "<group>"; };
		7A3290442B909A3900FCC3D3 /* PackagesView.swift */ = {isa = PBXFileReference; lastKnownFileType = sourcecode.swift; path = PackagesView.swift; sourceTree = "<group>"; };
		7A3290462B909ECB00FCC3D3 /* InternetItemsView.swift */ = {isa = PBXFileReference; lastKnownFileType = sourcecode.swift; path = InternetItemsView.swift; sourceTree = "<group>"; };
		7A3290482B90ABB100FCC3D3 /* WhatsAppItemsView.swift */ = {isa = PBXFileReference; lastKnownFileType = sourcecode.swift; path = WhatsAppItemsView.swift; sourceTree = "<group>"; };
		7A32904A2B90AD4100FCC3D3 /* DurationItemView.swift */ = {isa = PBXFileReference; lastKnownFileType = sourcecode.swift; path = DurationItemView.swift; sourceTree = "<group>"; };
		7A32904C2B90ADE500FCC3D3 /* PriceItemsView.swift */ = {isa = PBXFileReference; lastKnownFileType = sourcecode.swift; path = PriceItemsView.swift; sourceTree = "<group>"; };
		7A32904F2B910A6000FCC3D3 /* FixedActivateButtonView.swift */ = {isa = PBXFileReference; lastKnownFileType = sourcecode.swift; path = FixedActivateButtonView.swift; sourceTree = "<group>"; };
		7A3290522B91A60C00FCC3D3 /* SupportedCountriesPresenter.swift */ = {isa = PBXFileReference; lastKnownFileType = sourcecode.swift; path = SupportedCountriesPresenter.swift; sourceTree = "<group>"; };
		7A3290532B91A60C00FCC3D3 /* SupportedCountriesWorker.swift */ = {isa = PBXFileReference; lastKnownFileType = sourcecode.swift; path = SupportedCountriesWorker.swift; sourceTree = "<group>"; };
		7A3290542B91A60C00FCC3D3 /* SupportedCountriesRouter.swift */ = {isa = PBXFileReference; lastKnownFileType = sourcecode.swift; path = SupportedCountriesRouter.swift; sourceTree = "<group>"; };
		7A3290552B91A60C00FCC3D3 /* SupportedCountriesModels.swift */ = {isa = PBXFileReference; lastKnownFileType = sourcecode.swift; path = SupportedCountriesModels.swift; sourceTree = "<group>"; };
		7A3290562B91A60C00FCC3D3 /* SupportedCountriesViewController.swift */ = {isa = PBXFileReference; lastKnownFileType = sourcecode.swift; path = SupportedCountriesViewController.swift; sourceTree = "<group>"; };
		7A3290572B91A60C00FCC3D3 /* SupportedCountriesInteractor.swift */ = {isa = PBXFileReference; lastKnownFileType = sourcecode.swift; path = SupportedCountriesInteractor.swift; sourceTree = "<group>"; };
		7A3290582B91A60C00FCC3D3 /* SupportedCountriesView.swift */ = {isa = PBXFileReference; lastKnownFileType = sourcecode.swift; path = SupportedCountriesView.swift; sourceTree = "<group>"; };
		7A3290592B91A60C00FCC3D3 /* SupportedCountriesConfigurator.swift */ = {isa = PBXFileReference; lastKnownFileType = sourcecode.swift; path = SupportedCountriesConfigurator.swift; sourceTree = "<group>"; };
		7A3290652B91AE5D00FCC3D3 /* CountryTableViewCell.swift */ = {isa = PBXFileReference; lastKnownFileType = sourcecode.swift; path = CountryTableViewCell.swift; sourceTree = "<group>"; };
		7A71EF1C2B85219A00608E2A /* AllIncludedPackagesCell.swift */ = {isa = PBXFileReference; lastKnownFileType = sourcecode.swift; path = AllIncludedPackagesCell.swift; sourceTree = "<group>"; };
		7A8E57002B81F5FA00A31918 /* Extension.swift */ = {isa = PBXFileReference; lastKnownFileType = sourcecode.swift; path = Extension.swift; sourceTree = "<group>"; };
		7A8E57022B81F62700A31918 /* Cell+Configurer.swift */ = {isa = PBXFileReference; lastKnownFileType = sourcecode.swift; path = "Cell+Configurer.swift"; sourceTree = "<group>"; };
		7A8E57062B81F69600A31918 /* MainNavigation.swift */ = {isa = PBXFileReference; lastKnownFileType = sourcecode.swift; path = MainNavigation.swift; sourceTree = "<group>"; };
		7A8E57082B81F6B100A31918 /* ViewController+Navigation.swift */ = {isa = PBXFileReference; lastKnownFileType = sourcecode.swift; path = "ViewController+Navigation.swift"; sourceTree = "<group>"; };
		7A8E570A2B81F6D300A31918 /* ThemeableViewController.swift */ = {isa = PBXFileReference; lastKnownFileType = sourcecode.swift; path = ThemeableViewController.swift; sourceTree = "<group>"; };
		7A8E570C2B81F6F700A31918 /* ThemeableView.swift */ = {isa = PBXFileReference; lastKnownFileType = sourcecode.swift; path = ThemeableView.swift; sourceTree = "<group>"; };
		7A8E57112B81F8B800A31918 /* AppContainer.swift */ = {isa = PBXFileReference; lastKnownFileType = sourcecode.swift; path = AppContainer.swift; sourceTree = "<group>"; };
		7A8E57132B81F8D400A31918 /* AppRouter.swift */ = {isa = PBXFileReference; lastKnownFileType = sourcecode.swift; path = AppRouter.swift; sourceTree = "<group>"; };
		7A8E57152B81F92000A31918 /* TabBarPresenter.swift */ = {isa = PBXFileReference; lastKnownFileType = sourcecode.swift; path = TabBarPresenter.swift; sourceTree = "<group>"; };
		7A8E57162B81F92000A31918 /* TabBarWorker.swift */ = {isa = PBXFileReference; lastKnownFileType = sourcecode.swift; path = TabBarWorker.swift; sourceTree = "<group>"; };
		7A8E57172B81F92000A31918 /* TabBarRouter.swift */ = {isa = PBXFileReference; lastKnownFileType = sourcecode.swift; path = TabBarRouter.swift; sourceTree = "<group>"; };
		7A8E57182B81F92000A31918 /* TabBarModels.swift */ = {isa = PBXFileReference; lastKnownFileType = sourcecode.swift; path = TabBarModels.swift; sourceTree = "<group>"; };
		7A8E57192B81F92000A31918 /* TabBarViewController.swift */ = {isa = PBXFileReference; lastKnownFileType = sourcecode.swift; path = TabBarViewController.swift; sourceTree = "<group>"; };
		7A8E571A2B81F92000A31918 /* TabBarInteractor.swift */ = {isa = PBXFileReference; lastKnownFileType = sourcecode.swift; path = TabBarInteractor.swift; sourceTree = "<group>"; };
		7A8E571B2B81F92000A31918 /* TabBarView.swift */ = {isa = PBXFileReference; lastKnownFileType = sourcecode.swift; path = TabBarView.swift; sourceTree = "<group>"; };
		7A8E571C2B81F92000A31918 /* TabBarConfigurator.swift */ = {isa = PBXFileReference; lastKnownFileType = sourcecode.swift; path = TabBarConfigurator.swift; sourceTree = "<group>"; };
		7A8E57252B81FA6100A31918 /* DashboardPresenter.swift */ = {isa = PBXFileReference; lastKnownFileType = sourcecode.swift; path = DashboardPresenter.swift; sourceTree = "<group>"; };
		7A8E57262B81FA6100A31918 /* DashboardWorker.swift */ = {isa = PBXFileReference; lastKnownFileType = sourcecode.swift; path = DashboardWorker.swift; sourceTree = "<group>"; };
		7A8E57272B81FA6100A31918 /* DashboardRouter.swift */ = {isa = PBXFileReference; lastKnownFileType = sourcecode.swift; path = DashboardRouter.swift; sourceTree = "<group>"; };
		7A8E57282B81FA6100A31918 /* DashboardModels.swift */ = {isa = PBXFileReference; lastKnownFileType = sourcecode.swift; path = DashboardModels.swift; sourceTree = "<group>"; };
		7A8E57292B81FA6100A31918 /* DashboardViewController.swift */ = {isa = PBXFileReference; lastKnownFileType = sourcecode.swift; path = DashboardViewController.swift; sourceTree = "<group>"; };
		7A8E572A2B81FA6100A31918 /* DashboardInteractor.swift */ = {isa = PBXFileReference; lastKnownFileType = sourcecode.swift; path = DashboardInteractor.swift; sourceTree = "<group>"; };
		7A8E572B2B81FA6100A31918 /* DashboardView.swift */ = {isa = PBXFileReference; lastKnownFileType = sourcecode.swift; path = DashboardView.swift; sourceTree = "<group>"; };
		7A8E572C2B81FA6100A31918 /* DashboardConfigurator.swift */ = {isa = PBXFileReference; lastKnownFileType = sourcecode.swift; path = DashboardConfigurator.swift; sourceTree = "<group>"; };
		7A8E573D2B82345E00A31918 /* RoumingPresenter.swift */ = {isa = PBXFileReference; lastKnownFileType = sourcecode.swift; path = RoumingPresenter.swift; sourceTree = "<group>"; };
		7A8E573E2B82345E00A31918 /* RoumingWorker.swift */ = {isa = PBXFileReference; lastKnownFileType = sourcecode.swift; path = RoumingWorker.swift; sourceTree = "<group>"; };
		7A8E573F2B82345E00A31918 /* RoumingRouter.swift */ = {isa = PBXFileReference; lastKnownFileType = sourcecode.swift; path = RoumingRouter.swift; sourceTree = "<group>"; };
		7A8E57402B82345E00A31918 /* RoumingModels.swift */ = {isa = PBXFileReference; lastKnownFileType = sourcecode.swift; path = RoumingModels.swift; sourceTree = "<group>"; };
		7A8E57412B82345E00A31918 /* RoumingViewController.swift */ = {isa = PBXFileReference; lastKnownFileType = sourcecode.swift; path = RoumingViewController.swift; sourceTree = "<group>"; };
		7A8E57422B82345E00A31918 /* RoumingInteractor.swift */ = {isa = PBXFileReference; lastKnownFileType = sourcecode.swift; path = RoumingInteractor.swift; sourceTree = "<group>"; };
		7A8E57432B82345E00A31918 /* RoumingView.swift */ = {isa = PBXFileReference; lastKnownFileType = sourcecode.swift; path = RoumingView.swift; sourceTree = "<group>"; };
		7A8E57442B82345E00A31918 /* RoumingConfigurator.swift */ = {isa = PBXFileReference; lastKnownFileType = sourcecode.swift; path = RoumingConfigurator.swift; sourceTree = "<group>"; };
		7AF915212B7F2E3800C8E149 /* BakcellApp.app */ = {isa = PBXFileReference; explicitFileType = wrapper.application; includeInIndex = 0; path = BakcellApp.app; sourceTree = BUILT_PRODUCTS_DIR; };
		7AF915242B7F2E3800C8E149 /* AppDelegate.swift */ = {isa = PBXFileReference; lastKnownFileType = sourcecode.swift; path = AppDelegate.swift; sourceTree = "<group>"; };
		7AF9152D2B7F2E3900C8E149 /* Assets.xcassets */ = {isa = PBXFileReference; lastKnownFileType = folder.assetcatalog; path = Assets.xcassets; sourceTree = "<group>"; };
		7AF915302B7F2E3900C8E149 /* Base */ = {isa = PBXFileReference; lastKnownFileType = file.storyboard; name = Base; path = Base.lproj/LaunchScreen.storyboard; sourceTree = "<group>"; };
		7AF915322B7F2E3900C8E149 /* Info.plist */ = {isa = PBXFileReference; lastKnownFileType = text.plist.xml; path = Info.plist; sourceTree = "<group>"; };
		7AF915612B7F2EA000C8E149 /* BakcellNetworkKit.framework */ = {isa = PBXFileReference; explicitFileType = wrapper.framework; path = BakcellNetworkKit.framework; sourceTree = BUILT_PRODUCTS_DIR; };
		7AF915652B7F2EA500C8E149 /* BakcellUIKit.framework */ = {isa = PBXFileReference; explicitFileType = wrapper.framework; path = BakcellUIKit.framework; sourceTree = BUILT_PRODUCTS_DIR; };
/* End PBXFileReference section */

/* Begin PBXFrameworksBuildPhase section */
		7AF9151E2B7F2E3800C8E149 /* Frameworks */ = {
			isa = PBXFrameworksBuildPhase;
			buildActionMask = 2147483647;
			files = (
				7A2DC9BB2B825DD100846D84 /* SnapKit in Frameworks */,
				7AF915662B7F2EA500C8E149 /* BakcellUIKit.framework in Frameworks */,
				7AF915622B7F2EA000C8E149 /* BakcellNetworkKit.framework in Frameworks */,
			);
			runOnlyForDeploymentPostprocessing = 0;
		};
/* End PBXFrameworksBuildPhase section */

/* Begin PBXGroup section */
		7A0521C72B9845450082DB64 /* RoumingCountryDetails */ = {
			isa = PBXGroup;
			children = (
				7A0521D92B9847960082DB64 /* Views */,
				7A0521C82B9845C40082DB64 /* Controllers */,
				7A0521F32B984D160082DB64 /* RoumingCountryDetailPresenter.swift */,
				7A0521F42B984D160082DB64 /* RoumingCountryDetailWorker.swift */,
				7A0521F52B984D160082DB64 /* RoumingCountryDetailRouter.swift */,
				7A0521F62B984D160082DB64 /* RoumingCountryDetailModels.swift */,
				7A0521F72B984D160082DB64 /* RoumingCountryDetailViewController.swift */,
				7A0521F82B984D160082DB64 /* RoumingCountryDetailInteractor.swift */,
				7A0521F92B984D160082DB64 /* RoumingCountryDetailView.swift */,
				7A0521FA2B984D160082DB64 /* RoumingCountryDetailConfigurator.swift */,
			);
			path = RoumingCountryDetails;
			sourceTree = "<group>";
		};
		7A0521C82B9845C40082DB64 /* Controllers */ = {
			isa = PBXGroup;
			children = (
				7A0521C92B9845DC0082DB64 /* OperatorsViewController.swift */,
				7A0521CB2B9845E80082DB64 /* PriceComparisonViewController.swift */,
			);
			path = Controllers;
			sourceTree = "<group>";
		};
		7A0521CE2B9846790082DB64 /* SegmentedControl */ = {
			isa = PBXGroup;
			children = (
				7A0521CF2B9846910082DB64 /* SegmentedControl.swift */,
				7A0521D12B9846B30082DB64 /* Constants.swift */,
				7A0521D32B9846CF0082DB64 /* Protocols.swift */,
				7A0521D52B9846F10082DB64 /* SCScrollView.swift */,
				7A0521D72B98470D0082DB64 /* Style.swift */,
			);
			path = SegmentedControl;
			sourceTree = "<group>";
		};
		7A0521D92B9847960082DB64 /* Views */ = {
			isa = PBXGroup;
			children = (
				7A0521DC2B9847EA0082DB64 /* Cells */,
				7A0521DB2B9847DC0082DB64 /* CollectionViews */,
				7A0521DA2B9847C90082DB64 /* CustomViews */,
				7A0521E12B9848A30082DB64 /* AppDivider.swift */,
				7A0521E32B9848CC0082DB64 /* PriceTableSectionHeaderView.swift */,
			);
			path = Views;
			sourceTree = "<group>";
		};
		7A0521DA2B9847C90082DB64 /* CustomViews */ = {
			isa = PBXGroup;
			children = (
				7A0521E72B98493C0082DB64 /* RoamingSegmentedControl.swift */,
				7A0521E92B98499D0082DB64 /* OperatorServiceInfoStackView.swift */,
				7A0521EB2B9849C40082DB64 /* OperatorInfoTitleVStackView.swift */,
				7A0521ED2B984BEE0082DB64 /* OperatorStatusVStackView.swift */,
				7A0521EF2B984C9E0082DB64 /* OperatorStatusHStackView.swift */,
				7A0521F12B984CC10082DB64 /* OperatorServiceVStackView.swift */,
			);
			path = CustomViews;
			sourceTree = "<group>";
		};
		7A0521DB2B9847DC0082DB64 /* CollectionViews */ = {
			isa = PBXGroup;
			children = (
				7A0521E52B98490F0082DB64 /* CategoriesCollectionView.swift */,
			);
			path = CollectionViews;
			sourceTree = "<group>";
		};
		7A0521DC2B9847EA0082DB64 /* Cells */ = {
			isa = PBXGroup;
			children = (
				7A0521DD2B9847FD0082DB64 /* OperatorViewCell.swift */,
				7A0521DF2B9848530082DB64 /* PriceComparisonViewCell.swift */,
			);
			path = Cells;
			sourceTree = "<group>";
		};
		7A0522432B9F73D30082DB64 /* Views */ = {
			isa = PBXGroup;
			children = (
				7A3290642B91AE5400FCC3D3 /* Cells */,
				7A0522442B9F73E10082DB64 /* RoamingCountriesTableView.swift */,
			);
			path = Views;
			sourceTree = "<group>";
		};
		7A2DC9BC2B826EF700846D84 /* Views */ = {
			isa = PBXGroup;
			children = (
				7A2DC9BE2B82772800846D84 /* SectionHeaderView.swift */,
				7A3076582B87640F00A080CE /* CountrySearchView.swift */,
			);
			path = Views;
			sourceTree = "<group>";
		};
		7A2DC9BD2B826EFD00846D84 /* Cells */ = {
			isa = PBXGroup;
			children = (
				7A2DC9CD2B836CE000846D84 /* InternetPackagesCell.swift */,
				7A2DC9CF2B83728600846D84 /* CardCollectionViewCell.swift */,
				7A71EF1C2B85219A00608E2A /* AllIncludedPackagesCell.swift */,
				7A3076492B85EF7800A080CE /* TravelTableHeaderView.swift */,
				7A30764B2B85EF8600A080CE /* DestinationCollectionViewCell.swift */,
			);
			path = Cells;
			sourceTree = "<group>";
		};
		7A2DC9C02B82812000846D84 /* Extensions */ = {
			isa = PBXGroup;
			children = (
				7A30764D2B866E6700A080CE /* CollectionViewCenteredFlowLayout.swift */,
			);
			path = Extensions;
			sourceTree = "<group>";
		};
		7A3290352B8F16FE00FCC3D3 /* PackageDescription */ = {
			isa = PBXGroup;
			children = (
				7A3290392B8F505A00FCC3D3 /* Extensions */,
				7A3290382B8F42C700FCC3D3 /* CustomViews */,
				7A3290372B8F42C100FCC3D3 /* Cells */,
				7A3290362B8F42B300FCC3D3 /* Views */,
				7A3290252B8F16AA00FCC3D3 /* PackageDescriptionPresenter.swift */,
				7A3290262B8F16AA00FCC3D3 /* PackageDescriptionWorker.swift */,
				7A3290272B8F16AA00FCC3D3 /* PackageDescriptionRouter.swift */,
				7A3290282B8F16AA00FCC3D3 /* PackageDescriptionModels.swift */,
				7A3290292B8F16AA00FCC3D3 /* PackageDescriptionViewController.swift */,
				7A32902A2B8F16AA00FCC3D3 /* PackageDescriptionInteractor.swift */,
				7A32902B2B8F16AA00FCC3D3 /* PackageDescriptionView.swift */,
				7A32902C2B8F16AA00FCC3D3 /* PackageDescriptionConfigurator.swift */,
			);
			path = PackageDescription;
			sourceTree = "<group>";
		};
		7A3290362B8F42B300FCC3D3 /* Views */ = {
			isa = PBXGroup;
			children = (
				7A3290462B909ECB00FCC3D3 /* InternetItemsView.swift */,
				7A3290482B90ABB100FCC3D3 /* WhatsAppItemsView.swift */,
				7A32904A2B90AD4100FCC3D3 /* DurationItemView.swift */,
				7A32904C2B90ADE500FCC3D3 /* PriceItemsView.swift */,
			);
			path = Views;
			sourceTree = "<group>";
		};
		7A3290372B8F42C100FCC3D3 /* Cells */ = {
			isa = PBXGroup;
			children = (
			);
			path = Cells;
			sourceTree = "<group>";
		};
		7A3290382B8F42C700FCC3D3 /* CustomViews */ = {
			isa = PBXGroup;
			children = (
				7A32904E2B910A4000FCC3D3 /* Buttons */,
				7A32903C2B8F530100FCC3D3 /* PackageDescriptionDetailView.swift */,
				7A3290402B9094CB00FCC3D3 /* NotesView.swift */,
				7A3290422B90958C00FCC3D3 /* AboutView.swift */,
				7A3290442B909A3900FCC3D3 /* PackagesView.swift */,
			);
			path = CustomViews;
			sourceTree = "<group>";
		};
		7A3290392B8F505A00FCC3D3 /* Extensions */ = {
			isa = PBXGroup;
			children = (
				7A32903A2B8F508800FCC3D3 /* BulletTextFormatter.swift */,
			);
			path = Extensions;
			sourceTree = "<group>";
		};
		7A32904E2B910A4000FCC3D3 /* Buttons */ = {
			isa = PBXGroup;
			children = (
				7A32903E2B906DE100FCC3D3 /* CheckCountryView.swift */,
				7A32904F2B910A6000FCC3D3 /* FixedActivateButtonView.swift */,
			);
			path = Buttons;
			sourceTree = "<group>";
		};
		7A3290512B91A5EB00FCC3D3 /* SupportedCountries */ = {
			isa = PBXGroup;
			children = (
				7A0522432B9F73D30082DB64 /* Views */,
				7A3290522B91A60C00FCC3D3 /* SupportedCountriesPresenter.swift */,
				7A3290532B91A60C00FCC3D3 /* SupportedCountriesWorker.swift */,
				7A3290542B91A60C00FCC3D3 /* SupportedCountriesRouter.swift */,
				7A3290552B91A60C00FCC3D3 /* SupportedCountriesModels.swift */,
				7A3290562B91A60C00FCC3D3 /* SupportedCountriesViewController.swift */,
				7A3290572B91A60C00FCC3D3 /* SupportedCountriesInteractor.swift */,
				7A3290582B91A60C00FCC3D3 /* SupportedCountriesView.swift */,
				7A3290592B91A60C00FCC3D3 /* SupportedCountriesConfigurator.swift */,
			);
			path = SupportedCountries;
			sourceTree = "<group>";
		};
		7A3290642B91AE5400FCC3D3 /* Cells */ = {
			isa = PBXGroup;
			children = (
				7A3290652B91AE5D00FCC3D3 /* CountryTableViewCell.swift */,
			);
			path = Cells;
			sourceTree = "<group>";
		};
		7A8E56F82B81F4F000A31918 /* Model */ = {
			isa = PBXGroup;
			children = (
			);
			path = Model;
			sourceTree = "<group>";
		};
		7A8E56F92B81F4F900A31918 /* Extensions */ = {
			isa = PBXGroup;
			children = (
				7A8E57002B81F5FA00A31918 /* Extension.swift */,
				7A8E57022B81F62700A31918 /* Cell+Configurer.swift */,
				7A0522032B984E4A0082DB64 /* Extension + PageViewController.swift */,
			);
			path = Extensions;
			sourceTree = "<group>";
		};
		7A8E56FA2B81F50900A31918 /* Helpers */ = {
			isa = PBXGroup;
			children = (
				7A8E57052B81F63C00A31918 /* Navigation */,
				7A8E57042B81F63600A31918 /* Theme */,
			);
			path = Helpers;
			sourceTree = "<group>";
		};
		7A8E56FB2B81F51400A31918 /* Views */ = {
			isa = PBXGroup;
			children = (
				7A0521CE2B9846790082DB64 /* SegmentedControl */,
			);
			path = Views;
			sourceTree = "<group>";
		};
		7A8E56FC2B81F51C00A31918 /* Scenes */ = {
			isa = PBXGroup;
			children = (
				7A0521C72B9845450082DB64 /* RoumingCountryDetails */,
				7A3290512B91A5EB00FCC3D3 /* SupportedCountries */,
				7A3290352B8F16FE00FCC3D3 /* PackageDescription */,
				7A8E57102B81F74700A31918 /* Rouming */,
				7A8E570F2B81F73D00A31918 /* TabBar */,
				7A8E570E2B81F73300A31918 /* Dashboard */,
			);
			path = Scenes;
			sourceTree = "<group>";
		};
		7A8E56FD2B81F52500A31918 /* Resources */ = {
			isa = PBXGroup;
			children = (
				7AF9152D2B7F2E3900C8E149 /* Assets.xcassets */,
				7A0522052B984FF20082DB64 /* AppAssets.swift */,
			);
			path = Resources;
			sourceTree = "<group>";
		};
		7A8E56FE2B81F53700A31918 /* Supporting */ = {
			isa = PBXGroup;
			children = (
				7AF915322B7F2E3900C8E149 /* Info.plist */,
				7AF9152F2B7F2E3900C8E149 /* LaunchScreen.storyboard */,
			);
			path = Supporting;
			sourceTree = "<group>";
		};
		7A8E56FF2B81F54400A31918 /* App */ = {
			isa = PBXGroup;
			children = (
				7AF915242B7F2E3800C8E149 /* AppDelegate.swift */,
				7A8E57112B81F8B800A31918 /* AppContainer.swift */,
				7A8E57132B81F8D400A31918 /* AppRouter.swift */,
			);
			path = App;
			sourceTree = "<group>";
		};
		7A8E57042B81F63600A31918 /* Theme */ = {
			isa = PBXGroup;
			children = (
				7A8E570A2B81F6D300A31918 /* ThemeableViewController.swift */,
				7A8E570C2B81F6F700A31918 /* ThemeableView.swift */,
			);
			path = Theme;
			sourceTree = "<group>";
		};
		7A8E57052B81F63C00A31918 /* Navigation */ = {
			isa = PBXGroup;
			children = (
				7A8E57062B81F69600A31918 /* MainNavigation.swift */,
				7A8E57082B81F6B100A31918 /* ViewController+Navigation.swift */,
			);
			path = Navigation;
			sourceTree = "<group>";
		};
		7A8E570E2B81F73300A31918 /* Dashboard */ = {
			isa = PBXGroup;
			children = (
				7A8E57252B81FA6100A31918 /* DashboardPresenter.swift */,
				7A8E57262B81FA6100A31918 /* DashboardWorker.swift */,
				7A8E57272B81FA6100A31918 /* DashboardRouter.swift */,
				7A8E57282B81FA6100A31918 /* DashboardModels.swift */,
				7A8E57292B81FA6100A31918 /* DashboardViewController.swift */,
				7A8E572A2B81FA6100A31918 /* DashboardInteractor.swift */,
				7A8E572B2B81FA6100A31918 /* DashboardView.swift */,
				7A8E572C2B81FA6100A31918 /* DashboardConfigurator.swift */,
			);
			path = Dashboard;
			sourceTree = "<group>";
		};
		7A8E570F2B81F73D00A31918 /* TabBar */ = {
			isa = PBXGroup;
			children = (
				7A8E57152B81F92000A31918 /* TabBarPresenter.swift */,
				7A8E57162B81F92000A31918 /* TabBarWorker.swift */,
				7A8E57172B81F92000A31918 /* TabBarRouter.swift */,
				7A8E57182B81F92000A31918 /* TabBarModels.swift */,
				7A8E57192B81F92000A31918 /* TabBarViewController.swift */,
				7A8E571A2B81F92000A31918 /* TabBarInteractor.swift */,
				7A8E571B2B81F92000A31918 /* TabBarView.swift */,
				7A8E571C2B81F92000A31918 /* TabBarConfigurator.swift */,
			);
			path = TabBar;
			sourceTree = "<group>";
		};
		7A8E57102B81F74700A31918 /* Rouming */ = {
			isa = PBXGroup;
			children = (
				7A2DC9C02B82812000846D84 /* Extensions */,
				7A2DC9BD2B826EFD00846D84 /* Cells */,
				7A2DC9BC2B826EF700846D84 /* Views */,
				7A8E573D2B82345E00A31918 /* RoumingPresenter.swift */,
				7A8E573E2B82345E00A31918 /* RoumingWorker.swift */,
				7A8E573F2B82345E00A31918 /* RoumingRouter.swift */,
				7A8E57402B82345E00A31918 /* RoumingModels.swift */,
				7A8E57412B82345E00A31918 /* RoumingViewController.swift */,
				7A8E57422B82345E00A31918 /* RoumingInteractor.swift */,
				7A8E57432B82345E00A31918 /* RoumingView.swift */,
				7A8E57442B82345E00A31918 /* RoumingConfigurator.swift */,
			);
			path = Rouming;
			sourceTree = "<group>";
		};
		7AF915182B7F2E3800C8E149 = {
			isa = PBXGroup;
			children = (
				7AF915232B7F2E3800C8E149 /* BakcellApp */,
				7AF915222B7F2E3800C8E149 /* Products */,
				7AF915602B7F2EA000C8E149 /* Frameworks */,
			);
			sourceTree = "<group>";
		};
		7AF915222B7F2E3800C8E149 /* Products */ = {
			isa = PBXGroup;
			children = (
				7AF915212B7F2E3800C8E149 /* BakcellApp.app */,
			);
			name = Products;
			sourceTree = "<group>";
		};
		7AF915232B7F2E3800C8E149 /* BakcellApp */ = {
			isa = PBXGroup;
			children = (
				7A8E56FF2B81F54400A31918 /* App */,
				7A8E56FE2B81F53700A31918 /* Supporting */,
				7A8E56FD2B81F52500A31918 /* Resources */,
				7A8E56FC2B81F51C00A31918 /* Scenes */,
				7A8E56FB2B81F51400A31918 /* Views */,
				7A8E56FA2B81F50900A31918 /* Helpers */,
				7A8E56F92B81F4F900A31918 /* Extensions */,
				7A8E56F82B81F4F000A31918 /* Model */,
			);
			path = BakcellApp;
			sourceTree = "<group>";
		};
		7AF915602B7F2EA000C8E149 /* Frameworks */ = {
			isa = PBXGroup;
			children = (
				7AF915652B7F2EA500C8E149 /* BakcellUIKit.framework */,
				7AF915612B7F2EA000C8E149 /* BakcellNetworkKit.framework */,
			);
			name = Frameworks;
			sourceTree = "<group>";
		};
/* End PBXGroup section */

/* Begin PBXNativeTarget section */
		7AF915202B7F2E3800C8E149 /* BakcellApp */ = {
			isa = PBXNativeTarget;
			buildConfigurationList = 7AF915352B7F2E3900C8E149 /* Build configuration list for PBXNativeTarget "BakcellApp" */;
			buildPhases = (
				7AF9151D2B7F2E3800C8E149 /* Sources */,
				7AF9151E2B7F2E3800C8E149 /* Frameworks */,
				7AF9151F2B7F2E3800C8E149 /* Resources */,
				7AF915642B7F2EA000C8E149 /* Embed Frameworks */,
			);
			buildRules = (
			);
			dependencies = (
			);
			name = BakcellApp;
			packageProductDependencies = (
				7A2DC9BA2B825DD100846D84 /* SnapKit */,
			);
			productName = BakcellApp;
			productReference = 7AF915212B7F2E3800C8E149 /* BakcellApp.app */;
			productType = "com.apple.product-type.application";
		};
/* End PBXNativeTarget section */

/* Begin PBXProject section */
		7AF915192B7F2E3800C8E149 /* Project object */ = {
			isa = PBXProject;
			attributes = {
				BuildIndependentTargetsInParallel = 1;
				LastSwiftUpdateCheck = 1520;
				LastUpgradeCheck = 1520;
				TargetAttributes = {
					7AF915202B7F2E3800C8E149 = {
						CreatedOnToolsVersion = 15.2;
					};
				};
			};
			buildConfigurationList = 7AF9151C2B7F2E3800C8E149 /* Build configuration list for PBXProject "BakcellApp" */;
			compatibilityVersion = "Xcode 14.0";
			developmentRegion = en;
			hasScannedForEncodings = 0;
			knownRegions = (
				en,
				Base,
			);
			mainGroup = 7AF915182B7F2E3800C8E149;
			packageReferences = (
				7A2DC9B92B825DD100846D84 /* XCRemoteSwiftPackageReference "SnapKit" */,
			);
			productRefGroup = 7AF915222B7F2E3800C8E149 /* Products */;
			projectDirPath = "";
			projectRoot = "";
			targets = (
				7AF915202B7F2E3800C8E149 /* BakcellApp */,
			);
		};
/* End PBXProject section */

/* Begin PBXResourcesBuildPhase section */
		7AF9151F2B7F2E3800C8E149 /* Resources */ = {
			isa = PBXResourcesBuildPhase;
			buildActionMask = 2147483647;
			files = (
				7AF915312B7F2E3900C8E149 /* LaunchScreen.storyboard in Resources */,
				7AF9152E2B7F2E3900C8E149 /* Assets.xcassets in Resources */,
			);
			runOnlyForDeploymentPostprocessing = 0;
		};
/* End PBXResourcesBuildPhase section */

/* Begin PBXSourcesBuildPhase section */
		7AF9151D2B7F2E3800C8E149 /* Sources */ = {
			isa = PBXSourcesBuildPhase;
			buildActionMask = 2147483647;
			files = (
				7A3290412B9094CB00FCC3D3 /* NotesView.swift in Sources */,
				7A3290322B8F16AA00FCC3D3 /* PackageDescriptionInteractor.swift in Sources */,
				7A8E57212B81F92000A31918 /* TabBarViewController.swift in Sources */,
				7A30764E2B866E6700A080CE /* CollectionViewCenteredFlowLayout.swift in Sources */,
				7A32905B2B91A60C00FCC3D3 /* SupportedCountriesWorker.swift in Sources */,
				7A2DC9CE2B836CE000846D84 /* InternetPackagesCell.swift in Sources */,
				7A3290602B91A60C00FCC3D3 /* SupportedCountriesView.swift in Sources */,
				7A0521FF2B984D160082DB64 /* RoumingCountryDetailViewController.swift in Sources */,
				7A0522042B984E4A0082DB64 /* Extension + PageViewController.swift in Sources */,
				7A0521E22B9848A30082DB64 /* AppDivider.swift in Sources */,
				7A0521D02B9846910082DB64 /* SegmentedControl.swift in Sources */,
				7A3290662B91AE5D00FCC3D3 /* CountryTableViewCell.swift in Sources */,
				7A0521FE2B984D160082DB64 /* RoumingCountryDetailModels.swift in Sources */,
				7A8E57342B81FA6100A31918 /* DashboardConfigurator.swift in Sources */,
				7A0521E42B9848CC0082DB64 /* PriceTableSectionHeaderView.swift in Sources */,
				7A3290342B8F16AA00FCC3D3 /* PackageDescriptionConfigurator.swift in Sources */,
				7A8E571F2B81F92000A31918 /* TabBarRouter.swift in Sources */,
				7A8E57482B82345E00A31918 /* RoumingModels.swift in Sources */,
				7A3290332B8F16AA00FCC3D3 /* PackageDescriptionView.swift in Sources */,
				7A0521D62B9846F10082DB64 /* SCScrollView.swift in Sources */,
				7A32905F2B91A60C00FCC3D3 /* SupportedCountriesInteractor.swift in Sources */,
				7A0521EC2B9849C40082DB64 /* OperatorInfoTitleVStackView.swift in Sources */,
				7A32905E2B91A60C00FCC3D3 /* SupportedCountriesViewController.swift in Sources */,
				7A32905A2B91A60C00FCC3D3 /* SupportedCountriesPresenter.swift in Sources */,
				7A0521F02B984C9E0082DB64 /* OperatorStatusHStackView.swift in Sources */,
				7A0521E02B9848530082DB64 /* PriceComparisonViewCell.swift in Sources */,
				7A8E574C2B82345E00A31918 /* RoumingConfigurator.swift in Sources */,
				7A8E572E2B81FA6100A31918 /* DashboardWorker.swift in Sources */,
				7A32905C2B91A60C00FCC3D3 /* SupportedCountriesRouter.swift in Sources */,
				7A32902E2B8F16AA00FCC3D3 /* PackageDescriptionWorker.swift in Sources */,
				7A8E57072B81F69600A31918 /* MainNavigation.swift in Sources */,
				7A32904D2B90ADE500FCC3D3 /* PriceItemsView.swift in Sources */,
				7A8E57202B81F92000A31918 /* TabBarModels.swift in Sources */,
				7A0521CA2B9845DC0082DB64 /* OperatorsViewController.swift in Sources */,
				7A0521F22B984CC10082DB64 /* OperatorServiceVStackView.swift in Sources */,
				7A8E570D2B81F6F700A31918 /* ThemeableView.swift in Sources */,
				7A8E57302B81FA6100A31918 /* DashboardModels.swift in Sources */,
				7A0521FC2B984D160082DB64 /* RoumingCountryDetailWorker.swift in Sources */,
				7A8E57312B81FA6100A31918 /* DashboardViewController.swift in Sources */,
				7A8E57092B81F6B100A31918 /* ViewController+Navigation.swift in Sources */,
				7A8E57322B81FA6100A31918 /* DashboardInteractor.swift in Sources */,
				7A0521D82B98470D0082DB64 /* Style.swift in Sources */,
				7A0522452B9F73E10082DB64 /* RoamingCountriesTableView.swift in Sources */,
				7A30764C2B85EF8600A080CE /* DestinationCollectionViewCell.swift in Sources */,
				7A0521FB2B984D160082DB64 /* RoumingCountryDetailPresenter.swift in Sources */,
				7A3290302B8F16AA00FCC3D3 /* PackageDescriptionModels.swift in Sources */,
				7A3290492B90ABB100FCC3D3 /* WhatsAppItemsView.swift in Sources */,
				7A8E57332B81FA6100A31918 /* DashboardView.swift in Sources */,
				7A8E57032B81F62700A31918 /* Cell+Configurer.swift in Sources */,
				7A8E574A2B82345E00A31918 /* RoumingInteractor.swift in Sources */,
				7AF915252B7F2E3800C8E149 /* AppDelegate.swift in Sources */,
				7A8E57472B82345E00A31918 /* RoumingRouter.swift in Sources */,
				7A0521EA2B98499D0082DB64 /* OperatorServiceInfoStackView.swift in Sources */,
				7A32903F2B906DE100FCC3D3 /* CheckCountryView.swift in Sources */,
				7A0522022B984D160082DB64 /* RoumingCountryDetailConfigurator.swift in Sources */,
				7A3290432B90958C00FCC3D3 /* AboutView.swift in Sources */,
				7A0521DE2B9847FD0082DB64 /* OperatorViewCell.swift in Sources */,
				7A8E57242B81F92000A31918 /* TabBarConfigurator.swift in Sources */,
				7A8E57452B82345E00A31918 /* RoumingPresenter.swift in Sources */,
				7A0521EE2B984BEE0082DB64 /* OperatorStatusVStackView.swift in Sources */,
				7A0521CC2B9845E80082DB64 /* PriceComparisonViewController.swift in Sources */,
				7A32902F2B8F16AA00FCC3D3 /* PackageDescriptionRouter.swift in Sources */,
				7A30764A2B85EF7800A080CE /* TravelTableHeaderView.swift in Sources */,
				7A0521FD2B984D160082DB64 /* RoumingCountryDetailRouter.swift in Sources */,
				7A3290472B909ECB00FCC3D3 /* InternetItemsView.swift in Sources */,
				7A0521E82B98493C0082DB64 /* RoamingSegmentedControl.swift in Sources */,
				7A0521E62B98490F0082DB64 /* CategoriesCollectionView.swift in Sources */,
				7A8E572D2B81FA6100A31918 /* DashboardPresenter.swift in Sources */,
				7A8E57492B82345E00A31918 /* RoumingViewController.swift in Sources */,
				7A8E57232B81F92000A31918 /* TabBarView.swift in Sources */,
				7A8E57142B81F8D400A31918 /* AppRouter.swift in Sources */,
				7A71EF1D2B85219A00608E2A /* AllIncludedPackagesCell.swift in Sources */,
				7A0522062B984FF20082DB64 /* AppAssets.swift in Sources */,
				7A8E571D2B81F92000A31918 /* TabBarPresenter.swift in Sources */,
				7A8E574B2B82345E00A31918 /* RoumingView.swift in Sources */,
				7A3290312B8F16AA00FCC3D3 /* PackageDescriptionViewController.swift in Sources */,
				7A3290612B91A60C00FCC3D3 /* SupportedCountriesConfigurator.swift in Sources */,
				7A8E571E2B81F92000A31918 /* TabBarWorker.swift in Sources */,
				7A2DC9BF2B82772800846D84 /* SectionHeaderView.swift in Sources */,
				7A0521D22B9846B30082DB64 /* Constants.swift in Sources */,
				7A32905D2B91A60C00FCC3D3 /* SupportedCountriesModels.swift in Sources */,
				7A8E57222B81F92000A31918 /* TabBarInteractor.swift in Sources */,
				7A32903D2B8F530100FCC3D3 /* PackageDescriptionDetailView.swift in Sources */,
				7A8E57122B81F8B800A31918 /* AppContainer.swift in Sources */,
				7A0522002B984D160082DB64 /* RoumingCountryDetailInteractor.swift in Sources */,
				7A8E570B2B81F6D300A31918 /* ThemeableViewController.swift in Sources */,
				7A8E57462B82345E00A31918 /* RoumingWorker.swift in Sources */,
				7A32903B2B8F508800FCC3D3 /* BulletTextFormatter.swift in Sources */,
				7A32904B2B90AD4100FCC3D3 /* DurationItemView.swift in Sources */,
				7A8E57012B81F5FA00A31918 /* Extension.swift in Sources */,
				7A32902D2B8F16AA00FCC3D3 /* PackageDescriptionPresenter.swift in Sources */,
				7A3076592B87640F00A080CE /* CountrySearchView.swift in Sources */,
				7A2DC9D02B83728600846D84 /* CardCollectionViewCell.swift in Sources */,
				7A0522012B984D160082DB64 /* RoumingCountryDetailView.swift in Sources */,
				7A3290452B909A3900FCC3D3 /* PackagesView.swift in Sources */,
				7A0521D42B9846CF0082DB64 /* Protocols.swift in Sources */,
				7A3290502B910A6000FCC3D3 /* FixedActivateButtonView.swift in Sources */,
				7A8E572F2B81FA6100A31918 /* DashboardRouter.swift in Sources */,
			);
			runOnlyForDeploymentPostprocessing = 0;
		};
/* End PBXSourcesBuildPhase section */

/* Begin PBXVariantGroup section */
		7AF9152F2B7F2E3900C8E149 /* LaunchScreen.storyboard */ = {
			isa = PBXVariantGroup;
			children = (
				7AF915302B7F2E3900C8E149 /* Base */,
			);
			name = LaunchScreen.storyboard;
			sourceTree = "<group>";
		};
/* End PBXVariantGroup section */

/* Begin XCBuildConfiguration section */
		7AF915332B7F2E3900C8E149 /* Debug */ = {
			isa = XCBuildConfiguration;
			buildSettings = {
				ALWAYS_SEARCH_USER_PATHS = NO;
				ASSETCATALOG_COMPILER_GENERATE_SWIFT_ASSET_SYMBOL_EXTENSIONS = YES;
				CLANG_ANALYZER_NONNULL = YES;
				CLANG_ANALYZER_NUMBER_OBJECT_CONVERSION = YES_AGGRESSIVE;
				CLANG_CXX_LANGUAGE_STANDARD = "gnu++20";
				CLANG_ENABLE_MODULES = YES;
				CLANG_ENABLE_OBJC_ARC = YES;
				CLANG_ENABLE_OBJC_WEAK = YES;
				CLANG_WARN_BLOCK_CAPTURE_AUTORELEASING = YES;
				CLANG_WARN_BOOL_CONVERSION = YES;
				CLANG_WARN_COMMA = YES;
				CLANG_WARN_CONSTANT_CONVERSION = YES;
				CLANG_WARN_DEPRECATED_OBJC_IMPLEMENTATIONS = YES;
				CLANG_WARN_DIRECT_OBJC_ISA_USAGE = YES_ERROR;
				CLANG_WARN_DOCUMENTATION_COMMENTS = YES;
				CLANG_WARN_EMPTY_BODY = YES;
				CLANG_WARN_ENUM_CONVERSION = YES;
				CLANG_WARN_INFINITE_RECURSION = YES;
				CLANG_WARN_INT_CONVERSION = YES;
				CLANG_WARN_NON_LITERAL_NULL_CONVERSION = YES;
				CLANG_WARN_OBJC_IMPLICIT_RETAIN_SELF = YES;
				CLANG_WARN_OBJC_LITERAL_CONVERSION = YES;
				CLANG_WARN_OBJC_ROOT_CLASS = YES_ERROR;
				CLANG_WARN_QUOTED_INCLUDE_IN_FRAMEWORK_HEADER = YES;
				CLANG_WARN_RANGE_LOOP_ANALYSIS = YES;
				CLANG_WARN_STRICT_PROTOTYPES = YES;
				CLANG_WARN_SUSPICIOUS_MOVE = YES;
				CLANG_WARN_UNGUARDED_AVAILABILITY = YES_AGGRESSIVE;
				CLANG_WARN_UNREACHABLE_CODE = YES;
				CLANG_WARN__DUPLICATE_METHOD_MATCH = YES;
				COPY_PHASE_STRIP = NO;
				DEBUG_INFORMATION_FORMAT = dwarf;
				ENABLE_STRICT_OBJC_MSGSEND = YES;
				ENABLE_TESTABILITY = YES;
				ENABLE_USER_SCRIPT_SANDBOXING = YES;
				GCC_C_LANGUAGE_STANDARD = gnu17;
				GCC_DYNAMIC_NO_PIC = NO;
				GCC_NO_COMMON_BLOCKS = YES;
				GCC_OPTIMIZATION_LEVEL = 0;
				GCC_PREPROCESSOR_DEFINITIONS = (
					"DEBUG=1",
					"$(inherited)",
				);
				GCC_WARN_64_TO_32_BIT_CONVERSION = YES;
				GCC_WARN_ABOUT_RETURN_TYPE = YES_ERROR;
				GCC_WARN_UNDECLARED_SELECTOR = YES;
				GCC_WARN_UNINITIALIZED_AUTOS = YES_AGGRESSIVE;
				GCC_WARN_UNUSED_FUNCTION = YES;
				GCC_WARN_UNUSED_VARIABLE = YES;
				IPHONEOS_DEPLOYMENT_TARGET = 17.2;
				LOCALIZATION_PREFERS_STRING_CATALOGS = YES;
				MTL_ENABLE_DEBUG_INFO = INCLUDE_SOURCE;
				MTL_FAST_MATH = YES;
				ONLY_ACTIVE_ARCH = YES;
				SDKROOT = iphoneos;
				SWIFT_ACTIVE_COMPILATION_CONDITIONS = "DEBUG $(inherited)";
				SWIFT_OPTIMIZATION_LEVEL = "-Onone";
			};
			name = Debug;
		};
		7AF915342B7F2E3900C8E149 /* Release */ = {
			isa = XCBuildConfiguration;
			buildSettings = {
				ALWAYS_SEARCH_USER_PATHS = NO;
				ASSETCATALOG_COMPILER_GENERATE_SWIFT_ASSET_SYMBOL_EXTENSIONS = YES;
				CLANG_ANALYZER_NONNULL = YES;
				CLANG_ANALYZER_NUMBER_OBJECT_CONVERSION = YES_AGGRESSIVE;
				CLANG_CXX_LANGUAGE_STANDARD = "gnu++20";
				CLANG_ENABLE_MODULES = YES;
				CLANG_ENABLE_OBJC_ARC = YES;
				CLANG_ENABLE_OBJC_WEAK = YES;
				CLANG_WARN_BLOCK_CAPTURE_AUTORELEASING = YES;
				CLANG_WARN_BOOL_CONVERSION = YES;
				CLANG_WARN_COMMA = YES;
				CLANG_WARN_CONSTANT_CONVERSION = YES;
				CLANG_WARN_DEPRECATED_OBJC_IMPLEMENTATIONS = YES;
				CLANG_WARN_DIRECT_OBJC_ISA_USAGE = YES_ERROR;
				CLANG_WARN_DOCUMENTATION_COMMENTS = YES;
				CLANG_WARN_EMPTY_BODY = YES;
				CLANG_WARN_ENUM_CONVERSION = YES;
				CLANG_WARN_INFINITE_RECURSION = YES;
				CLANG_WARN_INT_CONVERSION = YES;
				CLANG_WARN_NON_LITERAL_NULL_CONVERSION = YES;
				CLANG_WARN_OBJC_IMPLICIT_RETAIN_SELF = YES;
				CLANG_WARN_OBJC_LITERAL_CONVERSION = YES;
				CLANG_WARN_OBJC_ROOT_CLASS = YES_ERROR;
				CLANG_WARN_QUOTED_INCLUDE_IN_FRAMEWORK_HEADER = YES;
				CLANG_WARN_RANGE_LOOP_ANALYSIS = YES;
				CLANG_WARN_STRICT_PROTOTYPES = YES;
				CLANG_WARN_SUSPICIOUS_MOVE = YES;
				CLANG_WARN_UNGUARDED_AVAILABILITY = YES_AGGRESSIVE;
				CLANG_WARN_UNREACHABLE_CODE = YES;
				CLANG_WARN__DUPLICATE_METHOD_MATCH = YES;
				COPY_PHASE_STRIP = NO;
				DEBUG_INFORMATION_FORMAT = "dwarf-with-dsym";
				ENABLE_NS_ASSERTIONS = NO;
				ENABLE_STRICT_OBJC_MSGSEND = YES;
				ENABLE_USER_SCRIPT_SANDBOXING = YES;
				GCC_C_LANGUAGE_STANDARD = gnu17;
				GCC_NO_COMMON_BLOCKS = YES;
				GCC_WARN_64_TO_32_BIT_CONVERSION = YES;
				GCC_WARN_ABOUT_RETURN_TYPE = YES_ERROR;
				GCC_WARN_UNDECLARED_SELECTOR = YES;
				GCC_WARN_UNINITIALIZED_AUTOS = YES_AGGRESSIVE;
				GCC_WARN_UNUSED_FUNCTION = YES;
				GCC_WARN_UNUSED_VARIABLE = YES;
				IPHONEOS_DEPLOYMENT_TARGET = 17.2;
				LOCALIZATION_PREFERS_STRING_CATALOGS = YES;
				MTL_ENABLE_DEBUG_INFO = NO;
				MTL_FAST_MATH = YES;
				SDKROOT = iphoneos;
				SWIFT_COMPILATION_MODE = wholemodule;
				VALIDATE_PRODUCT = YES;
			};
			name = Release;
		};
		7AF915362B7F2E3900C8E149 /* Debug */ = {
			isa = XCBuildConfiguration;
			buildSettings = {
				ASSETCATALOG_COMPILER_APPICON_NAME = AppIcon;
				ASSETCATALOG_COMPILER_GLOBAL_ACCENT_COLOR_NAME = AccentColor;
				ASSETCATALOG_COMPILER_INCLUDE_ALL_APPICON_ASSETS = NO;
				CODE_SIGN_STYLE = Automatic;
				CURRENT_PROJECT_VERSION = 1;
				DEVELOPMENT_TEAM = 963Q5MY7HY;
				GENERATE_INFOPLIST_FILE = YES;
				INFOPLIST_FILE = BakcellApp/Supporting/Info.plist;
				INFOPLIST_KEY_UIApplicationSupportsIndirectInputEvents = YES;
				INFOPLIST_KEY_UILaunchStoryboardName = LaunchScreen;
				INFOPLIST_KEY_UISupportedInterfaceOrientations = "UIInterfaceOrientationLandscapeLeft UIInterfaceOrientationLandscapeRight UIInterfaceOrientationPortrait";
				LD_RUNPATH_SEARCH_PATHS = (
					"$(inherited)",
					"@executable_path/Frameworks",
				);
				MARKETING_VERSION = 1.0;
				PRODUCT_BUNDLE_IDENTIFIER = com.nazrinatayeva.BakcellApp;
				PRODUCT_NAME = "$(TARGET_NAME)";
				SUPPORTED_PLATFORMS = "iphoneos iphonesimulator";
				SUPPORTS_MACCATALYST = NO;
				SUPPORTS_MAC_DESIGNED_FOR_IPHONE_IPAD = NO;
				SUPPORTS_XR_DESIGNED_FOR_IPHONE_IPAD = NO;
				SWIFT_EMIT_LOC_STRINGS = YES;
				SWIFT_VERSION = 5.0;
				TARGETED_DEVICE_FAMILY = 1;
			};
			name = Debug;
		};
		7AF915372B7F2E3900C8E149 /* Release */ = {
			isa = XCBuildConfiguration;
			buildSettings = {
				ASSETCATALOG_COMPILER_APPICON_NAME = AppIcon;
				ASSETCATALOG_COMPILER_GLOBAL_ACCENT_COLOR_NAME = AccentColor;
				ASSETCATALOG_COMPILER_INCLUDE_ALL_APPICON_ASSETS = NO;
				CODE_SIGN_STYLE = Automatic;
				CURRENT_PROJECT_VERSION = 1;
				DEVELOPMENT_TEAM = 963Q5MY7HY;
				GENERATE_INFOPLIST_FILE = YES;
				INFOPLIST_FILE = BakcellApp/Supporting/Info.plist;
				INFOPLIST_KEY_UIApplicationSupportsIndirectInputEvents = YES;
				INFOPLIST_KEY_UILaunchStoryboardName = LaunchScreen;
				INFOPLIST_KEY_UISupportedInterfaceOrientations = "UIInterfaceOrientationLandscapeLeft UIInterfaceOrientationLandscapeRight UIInterfaceOrientationPortrait";
				LD_RUNPATH_SEARCH_PATHS = (
					"$(inherited)",
					"@executable_path/Frameworks",
				);
				MARKETING_VERSION = 1.0;
				PRODUCT_BUNDLE_IDENTIFIER = com.nazrinatayeva.BakcellApp;
				PRODUCT_NAME = "$(TARGET_NAME)";
				SUPPORTED_PLATFORMS = "iphoneos iphonesimulator";
				SUPPORTS_MACCATALYST = NO;
				SUPPORTS_MAC_DESIGNED_FOR_IPHONE_IPAD = NO;
				SUPPORTS_XR_DESIGNED_FOR_IPHONE_IPAD = NO;
				SWIFT_EMIT_LOC_STRINGS = YES;
				SWIFT_VERSION = 5.0;
				TARGETED_DEVICE_FAMILY = 1;
			};
			name = Release;
		};
/* End XCBuildConfiguration section */

/* Begin XCConfigurationList section */
		7AF9151C2B7F2E3800C8E149 /* Build configuration list for PBXProject "BakcellApp" */ = {
			isa = XCConfigurationList;
			buildConfigurations = (
				7AF915332B7F2E3900C8E149 /* Debug */,
				7AF915342B7F2E3900C8E149 /* Release */,
			);
			defaultConfigurationIsVisible = 0;
			defaultConfigurationName = Release;
		};
		7AF915352B7F2E3900C8E149 /* Build configuration list for PBXNativeTarget "BakcellApp" */ = {
			isa = XCConfigurationList;
			buildConfigurations = (
				7AF915362B7F2E3900C8E149 /* Debug */,
				7AF915372B7F2E3900C8E149 /* Release */,
			);
			defaultConfigurationIsVisible = 0;
			defaultConfigurationName = Release;
		};
/* End XCConfigurationList section */

/* Begin XCRemoteSwiftPackageReference section */
		7A2DC9B92B825DD100846D84 /* XCRemoteSwiftPackageReference "SnapKit" */ = {
			isa = XCRemoteSwiftPackageReference;
			repositoryURL = "https://github.com/SnapKit/SnapKit";
			requirement = {
				kind = upToNextMajorVersion;
				minimumVersion = 5.7.1;
			};
		};
/* End XCRemoteSwiftPackageReference section */

/* Begin XCSwiftPackageProductDependency section */
		7A2DC9BA2B825DD100846D84 /* SnapKit */ = {
			isa = XCSwiftPackageProductDependency;
			package = 7A2DC9B92B825DD100846D84 /* XCRemoteSwiftPackageReference "SnapKit" */;
			productName = SnapKit;
		};
/* End XCSwiftPackageProductDependency section */
	};
	rootObject = 7AF915192B7F2E3800C8E149 /* Project object */;
}
